// !$*UTF8*$!
{
	archiveVersion = 1;
	classes = {
	};
	objectVersion = 46;
	objects = {

/* Begin PBXBuildFile section */
		C602D604128633F0005A8622 /* reminders_bg.png in Resources */ = {isa = PBXBuildFile; fileRef = C602D603128633F0005A8622 /* reminders_bg.png */; };
		C602D6371287275D005A8622 /* reminders_button.png in Resources */ = {isa = PBXBuildFile; fileRef = C602D6361287275D005A8622 /* reminders_button.png */; };
		C60C2B6B128A1E8B001D51FC /* card.png in Resources */ = {isa = PBXBuildFile; fileRef = C60C2B6A128A1E8B001D51FC /* card.png */; };
		C6707FA212AA798000181E81 /* CoreData.framework in Frameworks */ = {isa = PBXBuildFile; fileRef = C6707FA112AA798000181E81 /* CoreData.framework */; };
		C68F5B911285C406006F4528 /* UIKit.framework in Frameworks */ = {isa = PBXBuildFile; fileRef = C68F5B901285C406006F4528 /* UIKit.framework */; };
		C68F5B931285C406006F4528 /* Foundation.framework in Frameworks */ = {isa = PBXBuildFile; fileRef = C68F5B921285C406006F4528 /* Foundation.framework */; };
		C68F5B951285C406006F4528 /* CoreGraphics.framework in Frameworks */ = {isa = PBXBuildFile; fileRef = C68F5B941285C406006F4528 /* CoreGraphics.framework */; };
		C68F5B9C1285C406006F4528 /* InfoPlist.strings in Resources */ = {isa = PBXBuildFile; fileRef = C68F5B9A1285C406006F4528 /* InfoPlist.strings */; };
		C68F5B9E1285C406006F4528 /* main.m in Sources */ = {isa = PBXBuildFile; fileRef = C68F5B9D1285C406006F4528 /* main.m */; };
		C68F5BA11285C406006F4528 /* remindful_baseAppDelegate.m in Sources */ = {isa = PBXBuildFile; fileRef = C68F5BA01285C406006F4528 /* remindful_baseAppDelegate.m */; };
		C68F5BA31285C406006F4528 /* remindful_base.xcdatamodel in Sources */ = {isa = PBXBuildFile; fileRef = C68F5BA21285C406006F4528 /* remindful_base.xcdatamodel */; };
		C68F5BA61285C406006F4528 /* MainWindow.xib in Resources */ = {isa = PBXBuildFile; fileRef = C68F5BA41285C406006F4528 /* MainWindow.xib */; };
		C68F5BA91285C406006F4528 /* MainViewController.m in Sources */ = {isa = PBXBuildFile; fileRef = C68F5BA81285C406006F4528 /* MainViewController.m */; };
		C68F5BAB1285C406006F4528 /* MainView.xib in Resources */ = {isa = PBXBuildFile; fileRef = C68F5BAA1285C406006F4528 /* MainView.xib */; };
		C68F5BAE1285C406006F4528 /* FlipsideViewController.m in Sources */ = {isa = PBXBuildFile; fileRef = C68F5BAD1285C406006F4528 /* FlipsideViewController.m */; };
		C68F5BB01285C406006F4528 /* FlipsideView.xib in Resources */ = {isa = PBXBuildFile; fileRef = C68F5BAF1285C406006F4528 /* FlipsideView.xib */; };
		C68F5BBD1285C4E9006F4528 /* facebook.png in Resources */ = {isa = PBXBuildFile; fileRef = C68F5BBA1285C4E9006F4528 /* facebook.png */; };
		C68F5BBE1285C4E9006F4528 /* settings.png in Resources */ = {isa = PBXBuildFile; fileRef = C68F5BBB1285C4E9006F4528 /* settings.png */; };
		C68F5BBF1285C4E9006F4528 /* twitter.png in Resources */ = {isa = PBXBuildFile; fileRef = C68F5BBC1285C4E9006F4528 /* twitter.png */; };
		C68F5BCB1285D89A006F4528 /* facebook_16.png in Resources */ = {isa = PBXBuildFile; fileRef = C68F5BCA1285D89A006F4528 /* facebook_16.png */; };
		C68F5BCE1285D8F5006F4528 /* 001-Home@2x.png in Resources */ = {isa = PBXBuildFile; fileRef = C68F5BCD1285D8F5006F4528 /* 001-Home@2x.png */; };
		C68F5BD01285D938006F4528 /* 001-Home.png in Resources */ = {isa = PBXBuildFile; fileRef = C68F5BCF1285D938006F4528 /* 001-Home.png */; };
		C68F5BE01285FBBC006F4528 /* 072-Settings.png in Resources */ = {isa = PBXBuildFile; fileRef = C68F5BDF1285FBBC006F4528 /* 072-Settings.png */; };
		C68F5BE41285FC5E006F4528 /* 101-Twitter.png in Resources */ = {isa = PBXBuildFile; fileRef = C68F5BE21285FC5E006F4528 /* 101-Twitter.png */; };
		C68F5BE51285FC5E006F4528 /* 102-Facebook.png in Resources */ = {isa = PBXBuildFile; fileRef = C68F5BE31285FC5E006F4528 /* 102-Facebook.png */; };
		C68F5BF0128606BA006F4528 /* 147-Expand.png in Resources */ = {isa = PBXBuildFile; fileRef = C68F5BEE128606BA006F4528 /* 147-Expand.png */; };
		C68F5BF1128606BA006F4528 /* 148-Shrink.png in Resources */ = {isa = PBXBuildFile; fileRef = C68F5BEF128606BA006F4528 /* 148-Shrink.png */; };
		C68F5BF3128607BD006F4528 /* 199-DownloadButton.png in Resources */ = {isa = PBXBuildFile; fileRef = C68F5BF2128607BD006F4528 /* 199-DownloadButton.png */; };
		C69B01241288DC8F007A5549 /* Facebook.m in Sources */ = {isa = PBXBuildFile; fileRef = C69B010C1288DC8F007A5549 /* Facebook.m */; };
		C69B01251288DC8F007A5549 /* FBDialog.bundle in Resources */ = {isa = PBXBuildFile; fileRef = C69B010F1288DC8F007A5549 /* FBDialog.bundle */; };
		C69B01261288DC8F007A5549 /* FBDialog.m in Sources */ = {isa = PBXBuildFile; fileRef = C69B01111288DC8F007A5549 /* FBDialog.m */; };
		C69B01271288DC8F007A5549 /* FBLoginDialog.m in Sources */ = {isa = PBXBuildFile; fileRef = C69B01131288DC8F007A5549 /* FBLoginDialog.m */; };
		C69B01281288DC8F007A5549 /* FBRequest.m in Sources */ = {isa = PBXBuildFile; fileRef = C69B01151288DC8F007A5549 /* FBRequest.m */; };
		C69B01291288DC8F007A5549 /* NSObject+SBJSON.m in Sources */ = {isa = PBXBuildFile; fileRef = C69B01191288DC8F007A5549 /* NSObject+SBJSON.m */; };
		C69B012A1288DC8F007A5549 /* NSString+SBJSON.m in Sources */ = {isa = PBXBuildFile; fileRef = C69B011B1288DC8F007A5549 /* NSString+SBJSON.m */; };
		C69B012B1288DC8F007A5549 /* SBJSON.m in Sources */ = {isa = PBXBuildFile; fileRef = C69B011D1288DC8F007A5549 /* SBJSON.m */; };
		C69B012C1288DC8F007A5549 /* SBJsonBase.m in Sources */ = {isa = PBXBuildFile; fileRef = C69B011F1288DC8F007A5549 /* SBJsonBase.m */; };
		C69B012D1288DC8F007A5549 /* SBJsonParser.m in Sources */ = {isa = PBXBuildFile; fileRef = C69B01211288DC8F007A5549 /* SBJsonParser.m */; };
		C69B012E1288DC8F007A5549 /* SBJsonWriter.m in Sources */ = {isa = PBXBuildFile; fileRef = C69B01231288DC8F007A5549 /* SBJsonWriter.m */; };
		C69B014A1288F549007A5549 /* 106-RemoveUser.png in Resources */ = {isa = PBXBuildFile; fileRef = C69B01491288F549007A5549 /* 106-RemoveUser.png */; };
		C6E8BAC512ABDDC300C24C84 /* Session.m in Sources */ = {isa = PBXBuildFile; fileRef = C6E8BAC412ABDDC300C24C84 /* Session.m */; };
		C6EDD94112A220F3001002DB /* Reminder.m in Sources */ = {isa = PBXBuildFile; fileRef = C6EDD94012A220F3001002DB /* Reminder.m */; };
/* End PBXBuildFile section */

/* Begin PBXFileReference section */
		C602D603128633F0005A8622 /* reminders_bg.png */ = {isa = PBXFileReference; lastKnownFileType = image.png; path = reminders_bg.png; sourceTree = "<group>"; };
		C602D6361287275D005A8622 /* reminders_button.png */ = {isa = PBXFileReference; lastKnownFileType = image.png; path = reminders_button.png; sourceTree = "<group>"; };
		C60C2B6A128A1E8B001D51FC /* card.png */ = {isa = PBXFileReference; lastKnownFileType = image.png; path = card.png; sourceTree = "<group>"; };
		C6707FA112AA798000181E81 /* CoreData.framework */ = {isa = PBXFileReference; lastKnownFileType = wrapper.framework; name = CoreData.framework; path = System/Library/Frameworks/CoreData.framework; sourceTree = SDKROOT; };
		C68F5B8D1285C406006F4528 /* remindful-base.app */ = {isa = PBXFileReference; explicitFileType = wrapper.application; includeInIndex = 0; path = "remindful-base.app"; sourceTree = BUILT_PRODUCTS_DIR; };
		C68F5B901285C406006F4528 /* UIKit.framework */ = {isa = PBXFileReference; lastKnownFileType = wrapper.framework; name = UIKit.framework; path = System/Library/Frameworks/UIKit.framework; sourceTree = SDKROOT; };
		C68F5B921285C406006F4528 /* Foundation.framework */ = {isa = PBXFileReference; lastKnownFileType = wrapper.framework; name = Foundation.framework; path = System/Library/Frameworks/Foundation.framework; sourceTree = SDKROOT; };
		C68F5B941285C406006F4528 /* CoreGraphics.framework */ = {isa = PBXFileReference; lastKnownFileType = wrapper.framework; name = CoreGraphics.framework; path = System/Library/Frameworks/CoreGraphics.framework; sourceTree = SDKROOT; };
		C68F5B961285C406006F4528 /* CoreData.framework */ = {isa = PBXFileReference; lastKnownFileType = wrapper.framework; name = CoreData.framework; path = System/Library/Frameworks/CoreData.framework; sourceTree = SDKROOT; };
		C68F5B981285C406006F4528 /* remindful_base-Info.plist */ = {isa = PBXFileReference; lastKnownFileType = text.plist.xml; path = "remindful_base-Info.plist"; sourceTree = "<group>"; };
		C68F5B991285C406006F4528 /* remindful_base_Prefix.pch */ = {isa = PBXFileReference; lastKnownFileType = sourcecode.c.h; path = remindful_base_Prefix.pch; sourceTree = "<group>"; };
		C68F5B9B1285C406006F4528 /* en */ = {isa = PBXFileReference; lastKnownFileType = text.plist.strings; name = en; path = en.lproj/InfoPlist.strings; sourceTree = "<group>"; };
		C68F5B9D1285C406006F4528 /* main.m */ = {isa = PBXFileReference; lastKnownFileType = sourcecode.c.objc; path = main.m; sourceTree = "<group>"; };
		C68F5B9F1285C406006F4528 /* remindful_baseAppDelegate.h */ = {isa = PBXFileReference; lastKnownFileType = sourcecode.c.h; path = remindful_baseAppDelegate.h; sourceTree = "<group>"; };
		C68F5BA01285C406006F4528 /* remindful_baseAppDelegate.m */ = {isa = PBXFileReference; lastKnownFileType = sourcecode.c.objc; path = remindful_baseAppDelegate.m; sourceTree = "<group>"; };
		C68F5BA21285C406006F4528 /* remindful_base.xcdatamodel */ = {isa = PBXFileReference; lastKnownFileType = wrapper.xcdatamodel; path = remindful_base.xcdatamodel; sourceTree = "<group>"; };
		C68F5BA51285C406006F4528 /* en */ = {isa = PBXFileReference; lastKnownFileType = file.xib; name = en; path = en.lproj/MainWindow.xib; sourceTree = "<group>"; };
		C68F5BA71285C406006F4528 /* MainViewController.h */ = {isa = PBXFileReference; lastKnownFileType = sourcecode.c.h; path = MainViewController.h; sourceTree = "<group>"; };
		C68F5BA81285C406006F4528 /* MainViewController.m */ = {isa = PBXFileReference; lastKnownFileType = sourcecode.c.objc; path = MainViewController.m; sourceTree = "<group>"; };
		C68F5BAA1285C406006F4528 /* MainView.xib */ = {isa = PBXFileReference; lastKnownFileType = file.xib; path = MainView.xib; sourceTree = "<group>"; };
		C68F5BAC1285C406006F4528 /* FlipsideViewController.h */ = {isa = PBXFileReference; lastKnownFileType = sourcecode.c.h; path = FlipsideViewController.h; sourceTree = "<group>"; };
		C68F5BAD1285C406006F4528 /* FlipsideViewController.m */ = {isa = PBXFileReference; lastKnownFileType = sourcecode.c.objc; path = FlipsideViewController.m; sourceTree = "<group>"; };
		C68F5BAF1285C406006F4528 /* FlipsideView.xib */ = {isa = PBXFileReference; lastKnownFileType = file.xib; path = FlipsideView.xib; sourceTree = "<group>"; };
		C68F5BBA1285C4E9006F4528 /* facebook.png */ = {isa = PBXFileReference; lastKnownFileType = image.png; path = facebook.png; sourceTree = "<group>"; };
		C68F5BBB1285C4E9006F4528 /* settings.png */ = {isa = PBXFileReference; lastKnownFileType = image.png; path = settings.png; sourceTree = "<group>"; };
		C68F5BBC1285C4E9006F4528 /* twitter.png */ = {isa = PBXFileReference; lastKnownFileType = image.png; path = twitter.png; sourceTree = "<group>"; };
		C68F5BCA1285D89A006F4528 /* facebook_16.png */ = {isa = PBXFileReference; lastKnownFileType = image.png; path = facebook_16.png; sourceTree = "<group>"; };
		C68F5BCD1285D8F5006F4528 /* 001-Home@2x.png */ = {isa = PBXFileReference; lastKnownFileType = image.png; path = "001-Home@2x.png"; sourceTree = "<group>"; };
		C68F5BCF1285D938006F4528 /* 001-Home.png */ = {isa = PBXFileReference; lastKnownFileType = image.png; path = "001-Home.png"; sourceTree = "<group>"; };
		C68F5BDF1285FBBC006F4528 /* 072-Settings.png */ = {isa = PBXFileReference; lastKnownFileType = image.png; path = "072-Settings.png"; sourceTree = "<group>"; };
		C68F5BE21285FC5E006F4528 /* 101-Twitter.png */ = {isa = PBXFileReference; lastKnownFileType = image.png; path = "101-Twitter.png"; sourceTree = "<group>"; };
		C68F5BE31285FC5E006F4528 /* 102-Facebook.png */ = {isa = PBXFileReference; lastKnownFileType = image.png; path = "102-Facebook.png"; sourceTree = "<group>"; };
		C68F5BEE128606BA006F4528 /* 147-Expand.png */ = {isa = PBXFileReference; lastKnownFileType = image.png; path = "147-Expand.png"; sourceTree = "<group>"; };
		C68F5BEF128606BA006F4528 /* 148-Shrink.png */ = {isa = PBXFileReference; lastKnownFileType = image.png; path = "148-Shrink.png"; sourceTree = "<group>"; };
		C68F5BF2128607BD006F4528 /* 199-DownloadButton.png */ = {isa = PBXFileReference; lastKnownFileType = image.png; path = "199-DownloadButton.png"; sourceTree = "<group>"; };
		C69B010B1288DC8F007A5549 /* Facebook.h */ = {isa = PBXFileReference; fileEncoding = 4; lastKnownFileType = sourcecode.c.h; path = Facebook.h; sourceTree = "<group>"; };
		C69B010C1288DC8F007A5549 /* Facebook.m */ = {isa = PBXFileReference; fileEncoding = 4; lastKnownFileType = sourcecode.c.objc; path = Facebook.m; sourceTree = "<group>"; };
		C69B010E1288DC8F007A5549 /* FBConnect.h */ = {isa = PBXFileReference; fileEncoding = 4; lastKnownFileType = sourcecode.c.h; path = FBConnect.h; sourceTree = "<group>"; };
		C69B010F1288DC8F007A5549 /* FBDialog.bundle */ = {isa = PBXFileReference; lastKnownFileType = "wrapper.plug-in"; path = FBDialog.bundle; sourceTree = "<group>"; };
		C69B01101288DC8F007A5549 /* FBDialog.h */ = {isa = PBXFileReference; fileEncoding = 4; lastKnownFileType = sourcecode.c.h; path = FBDialog.h; sourceTree = "<group>"; };
		C69B01111288DC8F007A5549 /* FBDialog.m */ = {isa = PBXFileReference; fileEncoding = 4; lastKnownFileType = sourcecode.c.objc; path = FBDialog.m; sourceTree = "<group>"; };
		C69B01121288DC8F007A5549 /* FBLoginDialog.h */ = {isa = PBXFileReference; fileEncoding = 4; lastKnownFileType = sourcecode.c.h; path = FBLoginDialog.h; sourceTree = "<group>"; };
		C69B01131288DC8F007A5549 /* FBLoginDialog.m */ = {isa = PBXFileReference; fileEncoding = 4; lastKnownFileType = sourcecode.c.objc; path = FBLoginDialog.m; sourceTree = "<group>"; };
		C69B01141288DC8F007A5549 /* FBRequest.h */ = {isa = PBXFileReference; fileEncoding = 4; lastKnownFileType = sourcecode.c.h; path = FBRequest.h; sourceTree = "<group>"; };
		C69B01151288DC8F007A5549 /* FBRequest.m */ = {isa = PBXFileReference; fileEncoding = 4; lastKnownFileType = sourcecode.c.objc; path = FBRequest.m; sourceTree = "<group>"; };
		C69B01171288DC8F007A5549 /* JSON.h */ = {isa = PBXFileReference; fileEncoding = 4; lastKnownFileType = sourcecode.c.h; path = JSON.h; sourceTree = "<group>"; };
		C69B01181288DC8F007A5549 /* NSObject+SBJSON.h */ = {isa = PBXFileReference; fileEncoding = 4; lastKnownFileType = sourcecode.c.h; path = "NSObject+SBJSON.h"; sourceTree = "<group>"; };
		C69B01191288DC8F007A5549 /* NSObject+SBJSON.m */ = {isa = PBXFileReference; fileEncoding = 4; lastKnownFileType = sourcecode.c.objc; path = "NSObject+SBJSON.m"; sourceTree = "<group>"; };
		C69B011A1288DC8F007A5549 /* NSString+SBJSON.h */ = {isa = PBXFileReference; fileEncoding = 4; lastKnownFileType = sourcecode.c.h; path = "NSString+SBJSON.h"; sourceTree = "<group>"; };
		C69B011B1288DC8F007A5549 /* NSString+SBJSON.m */ = {isa = PBXFileReference; fileEncoding = 4; lastKnownFileType = sourcecode.c.objc; path = "NSString+SBJSON.m"; sourceTree = "<group>"; };
		C69B011C1288DC8F007A5549 /* SBJSON.h */ = {isa = PBXFileReference; fileEncoding = 4; lastKnownFileType = sourcecode.c.h; path = SBJSON.h; sourceTree = "<group>"; };
		C69B011D1288DC8F007A5549 /* SBJSON.m */ = {isa = PBXFileReference; fileEncoding = 4; lastKnownFileType = sourcecode.c.objc; path = SBJSON.m; sourceTree = "<group>"; };
		C69B011E1288DC8F007A5549 /* SBJsonBase.h */ = {isa = PBXFileReference; fileEncoding = 4; lastKnownFileType = sourcecode.c.h; path = SBJsonBase.h; sourceTree = "<group>"; };
		C69B011F1288DC8F007A5549 /* SBJsonBase.m */ = {isa = PBXFileReference; fileEncoding = 4; lastKnownFileType = sourcecode.c.objc; path = SBJsonBase.m; sourceTree = "<group>"; };
		C69B01201288DC8F007A5549 /* SBJsonParser.h */ = {isa = PBXFileReference; fileEncoding = 4; lastKnownFileType = sourcecode.c.h; path = SBJsonParser.h; sourceTree = "<group>"; };
		C69B01211288DC8F007A5549 /* SBJsonParser.m */ = {isa = PBXFileReference; fileEncoding = 4; lastKnownFileType = sourcecode.c.objc; path = SBJsonParser.m; sourceTree = "<group>"; };
		C69B01221288DC8F007A5549 /* SBJsonWriter.h */ = {isa = PBXFileReference; fileEncoding = 4; lastKnownFileType = sourcecode.c.h; path = SBJsonWriter.h; sourceTree = "<group>"; };
		C69B01231288DC8F007A5549 /* SBJsonWriter.m */ = {isa = PBXFileReference; fileEncoding = 4; lastKnownFileType = sourcecode.c.objc; path = SBJsonWriter.m; sourceTree = "<group>"; };
		C69B01491288F549007A5549 /* 106-RemoveUser.png */ = {isa = PBXFileReference; lastKnownFileType = image.png; path = "106-RemoveUser.png"; sourceTree = "<group>"; };
		C6E8BAC312ABDDC300C24C84 /* Session.h */ = {isa = PBXFileReference; fileEncoding = 4; lastKnownFileType = sourcecode.c.h; name = Session.h; path = ../Session.h; sourceTree = "<group>"; };
		C6E8BAC412ABDDC300C24C84 /* Session.m */ = {isa = PBXFileReference; fileEncoding = 4; lastKnownFileType = sourcecode.c.objc; name = Session.m; path = ../Session.m; sourceTree = "<group>"; };
		C6EDD93F12A220F3001002DB /* Reminder.h */ = {isa = PBXFileReference; fileEncoding = 4; lastKnownFileType = sourcecode.c.h; name = Reminder.h; path = ../Reminder.h; sourceTree = "<group>"; };
		C6EDD94012A220F3001002DB /* Reminder.m */ = {isa = PBXFileReference; fileEncoding = 4; lastKnownFileType = sourcecode.c.objc; name = Reminder.m; path = ../Reminder.m; sourceTree = "<group>"; };
/* End PBXFileReference section */

/* Begin PBXFrameworksBuildPhase section */
		C68F5B8A1285C406006F4528 /* Frameworks */ = {
			isa = PBXFrameworksBuildPhase;
			buildActionMask = 2147483647;
			files = (
				C68F5B911285C406006F4528 /* UIKit.framework in Frameworks */,
				C68F5B931285C406006F4528 /* Foundation.framework in Frameworks */,
				C68F5B951285C406006F4528 /* CoreGraphics.framework in Frameworks */,
				C6707FA212AA798000181E81 /* CoreData.framework in Frameworks */,
			);
			runOnlyForDeploymentPostprocessing = 0;
		};
/* End PBXFrameworksBuildPhase section */

/* Begin PBXGroup section */
		C68F5B7D1285C406006F4528 = {
			isa = PBXGroup;
			children = (
				C6707FA112AA798000181E81 /* CoreData.framework */,
				C68F5B841285C406006F4528 /* Models */,
				C68F5B851285C406006F4528 /* Classes */,
				C68F5B861285C406006F4528 /* Other Sources */,
				C68F5B871285C406006F4528 /* Resources */,
				C68F5B881285C406006F4528 /* Frameworks */,
				C68F5B8E1285C406006F4528 /* Products */,
			);
			sourceTree = "<group>";
		};
		C68F5B841285C406006F4528 /* Models */ = {
			isa = PBXGroup;
			children = (
				C68F5BA21285C406006F4528 /* remindful_base.xcdatamodel */,
			);
			name = Models;
			sourceTree = "<group>";
		};
		C68F5B851285C406006F4528 /* Classes */ = {
			isa = PBXGroup;
			children = (
				C6E8BAC312ABDDC300C24C84 /* Session.h */,
				C6E8BAC412ABDDC300C24C84 /* Session.m */,
				C6EDD93F12A220F3001002DB /* Reminder.h */,
				C6EDD94012A220F3001002DB /* Reminder.m */,
				C68F5B9F1285C406006F4528 /* remindful_baseAppDelegate.h */,
				C68F5BA01285C406006F4528 /* remindful_baseAppDelegate.m */,
				C68F5BA71285C406006F4528 /* MainViewController.h */,
				C68F5BA81285C406006F4528 /* MainViewController.m */,
				C68F5BAC1285C406006F4528 /* FlipsideViewController.h */,
				C68F5BAD1285C406006F4528 /* FlipsideViewController.m */,
			);
			path = Classes;
			sourceTree = "<group>";
		};
		C68F5B861285C406006F4528 /* Other Sources */ = {
			isa = PBXGroup;
			children = (
				C69B01071288DC8F007A5549 /* FBConnect */,
				C68F5B991285C406006F4528 /* remindful_base_Prefix.pch */,
				C68F5B9D1285C406006F4528 /* main.m */,
			);
			name = "Other Sources";
			sourceTree = "<group>";
		};
		C68F5B871285C406006F4528 /* Resources */ = {
			isa = PBXGroup;
			children = (
				C68F5BAA1285C406006F4528 /* MainView.xib */,
				C68F5BAF1285C406006F4528 /* FlipsideView.xib */,
				C68F5BA41285C406006F4528 /* MainWindow.xib */,
				C60C2B6A128A1E8B001D51FC /* card.png */,
				C69B01491288F549007A5549 /* 106-RemoveUser.png */,
				C602D6361287275D005A8622 /* reminders_button.png */,
				C602D603128633F0005A8622 /* reminders_bg.png */,
				C68F5BF2128607BD006F4528 /* 199-DownloadButton.png */,
				C68F5BEE128606BA006F4528 /* 147-Expand.png */,
				C68F5BEF128606BA006F4528 /* 148-Shrink.png */,
				C68F5BE21285FC5E006F4528 /* 101-Twitter.png */,
				C68F5BE31285FC5E006F4528 /* 102-Facebook.png */,
				C68F5BDF1285FBBC006F4528 /* 072-Settings.png */,
				C68F5BCF1285D938006F4528 /* 001-Home.png */,
				C68F5BCD1285D8F5006F4528 /* 001-Home@2x.png */,
				C68F5BCA1285D89A006F4528 /* facebook_16.png */,
				C68F5BBA1285C4E9006F4528 /* facebook.png */,
				C68F5BBB1285C4E9006F4528 /* settings.png */,
				C68F5BBC1285C4E9006F4528 /* twitter.png */,
				C68F5B981285C406006F4528 /* remindful_base-Info.plist */,
				C68F5B9A1285C406006F4528 /* InfoPlist.strings */,
			);
			name = Resources;
			sourceTree = "<group>";
		};
		C68F5B881285C406006F4528 /* Frameworks */ = {
			isa = PBXGroup;
			children = (
				C68F5B901285C406006F4528 /* UIKit.framework */,
				C68F5B921285C406006F4528 /* Foundation.framework */,
				C68F5B941285C406006F4528 /* CoreGraphics.framework */,
				C68F5B961285C406006F4528 /* CoreData.framework */,
			);
			name = Frameworks;
			sourceTree = "<group>";
		};
		C68F5B8E1285C406006F4528 /* Products */ = {
			isa = PBXGroup;
			children = (
				C68F5B8D1285C406006F4528 /* remindful-base.app */,
			);
			name = Products;
			sourceTree = "<group>";
		};
		C69B01071288DC8F007A5549 /* FBConnect */ = {
			isa = PBXGroup;
			children = (
				C69B010E1288DC8F007A5549 /* FBConnect.h */,
				C69B010B1288DC8F007A5549 /* Facebook.h */,
				C69B010C1288DC8F007A5549 /* Facebook.m */,
				C69B010F1288DC8F007A5549 /* FBDialog.bundle */,
				C69B01101288DC8F007A5549 /* FBDialog.h */,
				C69B01111288DC8F007A5549 /* FBDialog.m */,
				C69B01121288DC8F007A5549 /* FBLoginDialog.h */,
				C69B01131288DC8F007A5549 /* FBLoginDialog.m */,
				C69B01141288DC8F007A5549 /* FBRequest.h */,
				C69B01151288DC8F007A5549 /* FBRequest.m */,
				C69B01161288DC8F007A5549 /* JSON */,
			);
			name = FBConnect;
			path = src;
			sourceTree = "<group>";
		};
		C69B01161288DC8F007A5549 /* JSON */ = {
			isa = PBXGroup;
			children = (
				C69B01171288DC8F007A5549 /* JSON.h */,
				C69B01181288DC8F007A5549 /* NSObject+SBJSON.h */,
				C69B01191288DC8F007A5549 /* NSObject+SBJSON.m */,
				C69B011A1288DC8F007A5549 /* NSString+SBJSON.h */,
				C69B011B1288DC8F007A5549 /* NSString+SBJSON.m */,
				C69B011C1288DC8F007A5549 /* SBJSON.h */,
				C69B011D1288DC8F007A5549 /* SBJSON.m */,
				C69B011E1288DC8F007A5549 /* SBJsonBase.h */,
				C69B011F1288DC8F007A5549 /* SBJsonBase.m */,
				C69B01201288DC8F007A5549 /* SBJsonParser.h */,
				C69B01211288DC8F007A5549 /* SBJsonParser.m */,
				C69B01221288DC8F007A5549 /* SBJsonWriter.h */,
				C69B01231288DC8F007A5549 /* SBJsonWriter.m */,
			);
			path = JSON;
			sourceTree = "<group>";
		};
/* End PBXGroup section */

/* Begin PBXNativeTarget section */
		C68F5B8C1285C406006F4528 /* remindful-base */ = {
			isa = PBXNativeTarget;
			buildConfigurationList = C68F5BB31285C406006F4528 /* Build configuration list for PBXNativeTarget "remindful-base" */;
			buildPhases = (
				C68F5B891285C406006F4528 /* Sources */,
				C68F5B8A1285C406006F4528 /* Frameworks */,
				C68F5B8B1285C406006F4528 /* Resources */,
			);
			buildRules = (
			);
			dependencies = (
			);
			name = "remindful-base";
			productName = "remindful-base";
			productReference = C68F5B8D1285C406006F4528 /* remindful-base.app */;
			productType = "com.apple.product-type.application";
		};
/* End PBXNativeTarget section */

/* Begin PBXProject section */
		C68F5B7F1285C406006F4528 /* Project object */ = {
			isa = PBXProject;
			buildConfigurationList = C68F5B821285C406006F4528 /* Build configuration list for PBXProject "remindful-base" */;
			compatibilityVersion = "Xcode 3.2";
			developmentRegion = English;
			hasScannedForEncodings = 0;
			knownRegions = (
				en,
			);
			mainGroup = C68F5B7D1285C406006F4528;
			productRefGroup = C68F5B8E1285C406006F4528 /* Products */;
			projectDirPath = "";
			projectRoot = "";
			targets = (
				C68F5B8C1285C406006F4528 /* remindful-base */,
			);
		};
/* End PBXProject section */

/* Begin PBXResourcesBuildPhase section */
		C68F5B8B1285C406006F4528 /* Resources */ = {
			isa = PBXResourcesBuildPhase;
			buildActionMask = 2147483647;
			files = (
				C68F5B9C1285C406006F4528 /* InfoPlist.strings in Resources */,
				C68F5BA61285C406006F4528 /* MainWindow.xib in Resources */,
				C68F5BAB1285C406006F4528 /* MainView.xib in Resources */,
				C68F5BB01285C406006F4528 /* FlipsideView.xib in Resources */,
				C68F5BBD1285C4E9006F4528 /* facebook.png in Resources */,
				C68F5BBE1285C4E9006F4528 /* settings.png in Resources */,
				C68F5BBF1285C4E9006F4528 /* twitter.png in Resources */,
				C68F5BCB1285D89A006F4528 /* facebook_16.png in Resources */,
				C68F5BCE1285D8F5006F4528 /* 001-Home@2x.png in Resources */,
				C68F5BD01285D938006F4528 /* 001-Home.png in Resources */,
				C68F5BE01285FBBC006F4528 /* 072-Settings.png in Resources */,
				C68F5BE41285FC5E006F4528 /* 101-Twitter.png in Resources */,
				C68F5BE51285FC5E006F4528 /* 102-Facebook.png in Resources */,
				C68F5BF0128606BA006F4528 /* 147-Expand.png in Resources */,
				C68F5BF1128606BA006F4528 /* 148-Shrink.png in Resources */,
				C68F5BF3128607BD006F4528 /* 199-DownloadButton.png in Resources */,
				C602D604128633F0005A8622 /* reminders_bg.png in Resources */,
				C602D6371287275D005A8622 /* reminders_button.png in Resources */,
				C69B01251288DC8F007A5549 /* FBDialog.bundle in Resources */,
				C69B014A1288F549007A5549 /* 106-RemoveUser.png in Resources */,
				C60C2B6B128A1E8B001D51FC /* card.png in Resources */,
			);
			runOnlyForDeploymentPostprocessing = 0;
		};
/* End PBXResourcesBuildPhase section */

/* Begin PBXSourcesBuildPhase section */
		C68F5B891285C406006F4528 /* Sources */ = {
			isa = PBXSourcesBuildPhase;
			buildActionMask = 2147483647;
			files = (
				C68F5B9E1285C406006F4528 /* main.m in Sources */,
				C68F5BA11285C406006F4528 /* remindful_baseAppDelegate.m in Sources */,
				C68F5BA31285C406006F4528 /* remindful_base.xcdatamodel in Sources */,
				C68F5BA91285C406006F4528 /* MainViewController.m in Sources */,
				C68F5BAE1285C406006F4528 /* FlipsideViewController.m in Sources */,
				C69B01241288DC8F007A5549 /* Facebook.m in Sources */,
				C69B01261288DC8F007A5549 /* FBDialog.m in Sources */,
				C69B01271288DC8F007A5549 /* FBLoginDialog.m in Sources */,
				C69B01281288DC8F007A5549 /* FBRequest.m in Sources */,
				C69B01291288DC8F007A5549 /* NSObject+SBJSON.m in Sources */,
				C69B012A1288DC8F007A5549 /* NSString+SBJSON.m in Sources */,
				C69B012B1288DC8F007A5549 /* SBJSON.m in Sources */,
				C69B012C1288DC8F007A5549 /* SBJsonBase.m in Sources */,
				C69B012D1288DC8F007A5549 /* SBJsonParser.m in Sources */,
				C69B012E1288DC8F007A5549 /* SBJsonWriter.m in Sources */,
				C6EDD94112A220F3001002DB /* Reminder.m in Sources */,
				C6E8BAC512ABDDC300C24C84 /* Session.m in Sources */,
			);
			runOnlyForDeploymentPostprocessing = 0;
		};
/* End PBXSourcesBuildPhase section */

/* Begin PBXVariantGroup section */
		C68F5B9A1285C406006F4528 /* InfoPlist.strings */ = {
			isa = PBXVariantGroup;
			children = (
				C68F5B9B1285C406006F4528 /* en */,
			);
			name = InfoPlist.strings;
			sourceTree = "<group>";
		};
		C68F5BA41285C406006F4528 /* MainWindow.xib */ = {
			isa = PBXVariantGroup;
			children = (
				C68F5BA51285C406006F4528 /* en */,
			);
			name = MainWindow.xib;
			sourceTree = "<group>";
		};
/* End PBXVariantGroup section */

/* Begin XCBuildConfiguration section */
		C68F5BB11285C406006F4528 /* Debug */ = {
			isa = XCBuildConfiguration;
			buildSettings = {
				ARCHS = "$(ARCHS_STANDARD_32_BIT)";
				"CODE_SIGN_IDENTITY[sdk=iphoneos*]" = "iPhone Developer";
				GCC_C_LANGUAGE_STANDARD = gnu99;
				GCC_OPTIMIZATION_LEVEL = 0;
				GCC_PREPROCESSOR_DEFINITIONS = DEBUG;
				GCC_WARN_ABOUT_RETURN_TYPE = YES;
				GCC_WARN_UNUSED_VARIABLE = YES;
				IPHONEOS_DEPLOYMENT_TARGET = 4.1;
				PREBINDING = NO;
				SDKROOT = iphoneos4.1;
			};
			name = Debug;
		};
		C68F5BB21285C406006F4528 /* Release */ = {
			isa = XCBuildConfiguration;
			buildSettings = {
				ARCHS = "$(ARCHS_STANDARD_32_BIT)";
				"CODE_SIGN_IDENTITY[sdk=iphoneos*]" = "iPhone Developer";
				GCC_C_LANGUAGE_STANDARD = gnu99;
				GCC_WARN_ABOUT_RETURN_TYPE = YES;
				GCC_WARN_UNUSED_VARIABLE = YES;
				IPHONEOS_DEPLOYMENT_TARGET = 4.1;
				OTHER_CFLAGS = "-DNS_BLOCK_ASSERTIONS=1";
				PREBINDING = NO;
				SDKROOT = iphoneos4.1;
			};
			name = Release;
		};
		C68F5BB41285C406006F4528 /* Debug */ = {
			isa = XCBuildConfiguration;
			buildSettings = {
				ALWAYS_SEARCH_USER_PATHS = NO;
				COPY_PHASE_STRIP = NO;
				GCC_DYNAMIC_NO_PIC = NO;
				GCC_PRECOMPILE_PREFIX_HEADER = YES;
				GCC_PREFIX_HEADER = remindful_base_Prefix.pch;
				INFOPLIST_FILE = "remindful_base-Info.plist";
				IPHONEOS_DEPLOYMENT_TARGET = 4.1;
				"LIBRARY_SEARCH_PATHS[arch=*]" = "";
				PRODUCT_NAME = "remindful-base";
				WRAPPER_EXTENSION = app;
			};
			name = Debug;
		};
		C68F5BB51285C406006F4528 /* Release */ = {
			isa = XCBuildConfiguration;
			buildSettings = {
				ALWAYS_SEARCH_USER_PATHS = NO;
				COPY_PHASE_STRIP = YES;
				GCC_PRECOMPILE_PREFIX_HEADER = YES;
				GCC_PREFIX_HEADER = remindful_base_Prefix.pch;
				INFOPLIST_FILE = "remindful_base-Info.plist";
				IPHONEOS_DEPLOYMENT_TARGET = 4.1;
				"LIBRARY_SEARCH_PATHS[arch=*]" = "";
				PRODUCT_NAME = "remindful-base";
				USER_HEADER_SEARCH_PATHS = "";
				VALIDATE_PRODUCT = YES;
				WRAPPER_EXTENSION = app;
			};
			name = Release;
		};
/* End XCBuildConfiguration section */

/* Begin XCConfigurationList section */
		C68F5B821285C406006F4528 /* Build configuration list for PBXProject "remindful-base" */ = {
			isa = XCConfigurationList;
			buildConfigurations = (
				C68F5BB11285C406006F4528 /* Debug */,
				C68F5BB21285C406006F4528 /* Release */,
			);
			defaultConfigurationIsVisible = 0;
			defaultConfigurationName = Release;
		};
		C68F5BB31285C406006F4528 /* Build configuration list for PBXNativeTarget "remindful-base" */ = {
			isa = XCConfigurationList;
			buildConfigurations = (
				C68F5BB41285C406006F4528 /* Debug */,
				C68F5BB51285C406006F4528 /* Release */,
			);
			defaultConfigurationIsVisible = 0;
			defaultConfigurationName = Release;
		};
/* End XCConfigurationList section */
	};
	rootObject = C68F5B7F1285C406006F4528 /* Project object */;
}
