// !$*UTF8*$!
{
	archiveVersion = 1;
	classes = {
	};
	objectVersion = 46;
	objects = {

/* Begin PBXBuildFile section */
		C619B55E12CAC0CC00960E58 /* ShareViewController.m in Sources */ = {isa = PBXBuildFile; fileRef = C619B55C12CAC0CC00960E58 /* ShareViewController.m */; };
		C619B55F12CAC0CC00960E58 /* ShareViewController.xib in Resources */ = {isa = PBXBuildFile; fileRef = C619B55D12CAC0CC00960E58 /* ShareViewController.xib */; };
		C6463F5B12E7CC7E00F445A2 /* reminder_card_placeholder.png in Resources */ = {isa = PBXBuildFile; fileRef = C6463F5A12E7CC7E00F445A2 /* reminder_card_placeholder.png */; };
		C6463F6012E7CEE900F445A2 /* more_button.png in Resources */ = {isa = PBXBuildFile; fileRef = C6463F5C12E7CEE900F445A2 /* more_button.png */; };
		C6463F6112E7CEE900F445A2 /* reminder_card.png in Resources */ = {isa = PBXBuildFile; fileRef = C6463F5D12E7CEE900F445A2 /* reminder_card.png */; };
		C6463F6212E7CEE900F445A2 /* share_reminder_button.png in Resources */ = {isa = PBXBuildFile; fileRef = C6463F5E12E7CEE900F445A2 /* share_reminder_button.png */; };
		C6463F6312E7CEE900F445A2 /* thanks_reminder_button.png in Resources */ = {isa = PBXBuildFile; fileRef = C6463F5F12E7CEE900F445A2 /* thanks_reminder_button.png */; };
		C6463F6B12E92EF700F445A2 /* done_sharing_button.png in Resources */ = {isa = PBXBuildFile; fileRef = C6463F6412E92EF700F445A2 /* done_sharing_button.png */; };
		C6463F6C12E92EF700F445A2 /* share_facebook_button_alt.png in Resources */ = {isa = PBXBuildFile; fileRef = C6463F6512E92EF700F445A2 /* share_facebook_button_alt.png */; };
		C6463F6D12E92EF700F445A2 /* share_facebook_button.png in Resources */ = {isa = PBXBuildFile; fileRef = C6463F6612E92EF700F445A2 /* share_facebook_button.png */; };
		C6463F6E12E92EF700F445A2 /* share_overlay_placeholder.png in Resources */ = {isa = PBXBuildFile; fileRef = C6463F6712E92EF700F445A2 /* share_overlay_placeholder.png */; };
		C6463F6F12E92EF700F445A2 /* share_overlay.png in Resources */ = {isa = PBXBuildFile; fileRef = C6463F6812E92EF700F445A2 /* share_overlay.png */; };
		C6463F7012E92EF700F445A2 /* share_twitter_button_alt.png in Resources */ = {isa = PBXBuildFile; fileRef = C6463F6912E92EF700F445A2 /* share_twitter_button_alt.png */; };
		C6463F7112E92EF700F445A2 /* share_twitter_button.png in Resources */ = {isa = PBXBuildFile; fileRef = C6463F6A12E92EF700F445A2 /* share_twitter_button.png */; };
		C6463F7A12EA602F00F445A2 /* SocialViewController.m in Sources */ = {isa = PBXBuildFile; fileRef = C6463F7812EA602F00F445A2 /* SocialViewController.m */; };
		C6463F7B12EA602F00F445A2 /* SocialViewController.xib in Resources */ = {isa = PBXBuildFile; fileRef = C6463F7912EA602F00F445A2 /* SocialViewController.xib */; };
		C6463F7F12EA896800F445A2 /* settings_share_overlay_placeholder.png in Resources */ = {isa = PBXBuildFile; fileRef = C6463F7D12EA896800F445A2 /* settings_share_overlay_placeholder.png */; };
		C6463F8012EA896800F445A2 /* settings_share_overlay.png in Resources */ = {isa = PBXBuildFile; fileRef = C6463F7E12EA896800F445A2 /* settings_share_overlay.png */; };
		C6463F8512EC8B9D00F445A2 /* enable_sharing_button_all.png in Resources */ = {isa = PBXBuildFile; fileRef = C6463F8212EC8B9D00F445A2 /* enable_sharing_button_all.png */; };
		C6463F8612EC8B9D00F445A2 /* enable_sharing_button_facebook.png in Resources */ = {isa = PBXBuildFile; fileRef = C6463F8312EC8B9D00F445A2 /* enable_sharing_button_facebook.png */; };
		C6463F8712EC8B9D00F445A2 /* enable_sharing_button_twitter.png in Resources */ = {isa = PBXBuildFile; fileRef = C6463F8412EC8B9D00F445A2 /* enable_sharing_button_twitter.png */; };
		C6463F8B12EC96C700F445A2 /* PreviewViewController.m in Sources */ = {isa = PBXBuildFile; fileRef = C6463F8912EC96C700F445A2 /* PreviewViewController.m */; };
		C6463F8C12EC96C700F445A2 /* PreviewViewController.xib in Resources */ = {isa = PBXBuildFile; fileRef = C6463F8A12EC96C700F445A2 /* PreviewViewController.xib */; };
		C6463F9012EC986E00F445A2 /* preview_card_placeholder.png in Resources */ = {isa = PBXBuildFile; fileRef = C6463F8E12EC986E00F445A2 /* preview_card_placeholder.png */; };
		C6463F9112EC986E00F445A2 /* preview_card.png in Resources */ = {isa = PBXBuildFile; fileRef = C6463F8F12EC986E00F445A2 /* preview_card.png */; };
		C6463F9312ECA49600F445A2 /* preview_back_button.png in Resources */ = {isa = PBXBuildFile; fileRef = C6463F9212ECA49600F445A2 /* preview_back_button.png */; };
		C6463F9712ECFBEC00F445A2 /* ShareSuccessViewController.m in Sources */ = {isa = PBXBuildFile; fileRef = C6463F9512ECFBEC00F445A2 /* ShareSuccessViewController.m */; };
		C6463F9812ECFBEC00F445A2 /* ShareSuccessViewController.xib in Resources */ = {isa = PBXBuildFile; fileRef = C6463F9612ECFBEC00F445A2 /* ShareSuccessViewController.xib */; };
		C6463F9B12ECFC7800F445A2 /* share_success_card.png in Resources */ = {isa = PBXBuildFile; fileRef = C6463F9A12ECFC7800F445A2 /* share_success_card.png */; };
		C6463FA512ED337000F445A2 /* circle-1.png in Resources */ = {isa = PBXBuildFile; fileRef = C6463FA212ED337000F445A2 /* circle-1.png */; };
		C6463FA612ED337000F445A2 /* circle-2.png in Resources */ = {isa = PBXBuildFile; fileRef = C6463FA312ED337000F445A2 /* circle-2.png */; };
		C6463FA712ED337000F445A2 /* circle-3.png in Resources */ = {isa = PBXBuildFile; fileRef = C6463FA412ED337000F445A2 /* circle-3.png */; };
		C6463FAB12EE602900F445A2 /* success_all.png in Resources */ = {isa = PBXBuildFile; fileRef = C6463FA812EE602900F445A2 /* success_all.png */; };
		C6463FAC12EE602900F445A2 /* success_facebook.png in Resources */ = {isa = PBXBuildFile; fileRef = C6463FA912EE602900F445A2 /* success_facebook.png */; };
		C6463FAD12EE602900F445A2 /* success_twitter.png in Resources */ = {isa = PBXBuildFile; fileRef = C6463FAA12EE602900F445A2 /* success_twitter.png */; };
		C6574FFC12B4332E000A0916 /* jQueryInject.txt in Resources */ = {isa = PBXBuildFile; fileRef = C6574FC212B4332E000A0916 /* jQueryInject.txt */; };
		C6574FFD12B4332E000A0916 /* jQueryInjectLandscape.txt in Resources */ = {isa = PBXBuildFile; fileRef = C6574FC312B4332E000A0916 /* jQueryInjectLandscape.txt */; };
		C6574FFE12B4332E000A0916 /* libOAuth.a in Frameworks */ = {isa = PBXBuildFile; fileRef = C6574FC412B4332E000A0916 /* libOAuth.a */; };
		C6574FFF12B4332F000A0916 /* MGTwitterEngine.m in Sources */ = {isa = PBXBuildFile; fileRef = C6574FD712B4332E000A0916 /* MGTwitterEngine.m */; };
		C657500012B4332F000A0916 /* MGTwitterHTTPURLConnection.m in Sources */ = {isa = PBXBuildFile; fileRef = C6574FDB12B4332E000A0916 /* MGTwitterHTTPURLConnection.m */; };
		C657500112B4332F000A0916 /* MGTwitterLibXMLParser.m in Sources */ = {isa = PBXBuildFile; fileRef = C6574FDD12B4332E000A0916 /* MGTwitterLibXMLParser.m */; };
		C657500212B4332F000A0916 /* MGTwitterMessagesLibXMLParser.m in Sources */ = {isa = PBXBuildFile; fileRef = C6574FDF12B4332E000A0916 /* MGTwitterMessagesLibXMLParser.m */; };
		C657500312B4332F000A0916 /* MGTwitterMessagesParser.m in Sources */ = {isa = PBXBuildFile; fileRef = C6574FE112B4332E000A0916 /* MGTwitterMessagesParser.m */; };
		C657500412B4332F000A0916 /* MGTwitterMiscLibXMLParser.m in Sources */ = {isa = PBXBuildFile; fileRef = C6574FE312B4332E000A0916 /* MGTwitterMiscLibXMLParser.m */; };
		C657500512B4332F000A0916 /* MGTwitterMiscParser.m in Sources */ = {isa = PBXBuildFile; fileRef = C6574FE512B4332E000A0916 /* MGTwitterMiscParser.m */; };
		C657500612B4332F000A0916 /* MGTwitterStatusesLibXMLParser.m in Sources */ = {isa = PBXBuildFile; fileRef = C6574FE912B4332E000A0916 /* MGTwitterStatusesLibXMLParser.m */; };
		C657500712B4332F000A0916 /* MGTwitterStatusesParser.m in Sources */ = {isa = PBXBuildFile; fileRef = C6574FEB12B4332E000A0916 /* MGTwitterStatusesParser.m */; };
		C657500812B4332F000A0916 /* MGTwitterUsersLibXMLParser.m in Sources */ = {isa = PBXBuildFile; fileRef = C6574FED12B4332E000A0916 /* MGTwitterUsersLibXMLParser.m */; };
		C657500912B4332F000A0916 /* MGTwitterUsersParser.m in Sources */ = {isa = PBXBuildFile; fileRef = C6574FEF12B4332E000A0916 /* MGTwitterUsersParser.m */; };
		C657500A12B4332F000A0916 /* MGTwitterXMLParser.m in Sources */ = {isa = PBXBuildFile; fileRef = C6574FF112B4332E000A0916 /* MGTwitterXMLParser.m */; };
		C657500B12B4332F000A0916 /* NSData+Base64.m in Sources */ = {isa = PBXBuildFile; fileRef = C6574FF312B4332E000A0916 /* NSData+Base64.m */; };
		C657500C12B4332F000A0916 /* NSString+UUID.m in Sources */ = {isa = PBXBuildFile; fileRef = C6574FF512B4332E000A0916 /* NSString+UUID.m */; };
		C657500D12B4332F000A0916 /* SA_OAuthTwitterController.m in Sources */ = {isa = PBXBuildFile; fileRef = C6574FF812B4332E000A0916 /* SA_OAuthTwitterController.m */; };
		C657500E12B4332F000A0916 /* SA_OAuthTwitterEngine.m in Sources */ = {isa = PBXBuildFile; fileRef = C6574FFA12B4332E000A0916 /* SA_OAuthTwitterEngine.m */; };
		C657500F12B4332F000A0916 /* twitter_load.png in Resources */ = {isa = PBXBuildFile; fileRef = C6574FFB12B4332E000A0916 /* twitter_load.png */; };
		C65C07A112BD658F0052FE4D /* UIKit.framework in Frameworks */ = {isa = PBXBuildFile; fileRef = C65C07A012BD658F0052FE4D /* UIKit.framework */; };
		C65C07A312BD65B10052FE4D /* CoreGraphics.framework in Frameworks */ = {isa = PBXBuildFile; fileRef = C65C07A212BD65B10052FE4D /* CoreGraphics.framework */; };
		C65C07A512BD65B80052FE4D /* Foundation.framework in Frameworks */ = {isa = PBXBuildFile; fileRef = C65C07A412BD65B80052FE4D /* Foundation.framework */; };
		C65C07A712BD65C10052FE4D /* CoreData.framework in Frameworks */ = {isa = PBXBuildFile; fileRef = C65C07A612BD65C10052FE4D /* CoreData.framework */; };
		C65C07A912BD65CD0052FE4D /* libxml2.dylib in Frameworks */ = {isa = PBXBuildFile; fileRef = C65C07A812BD65CD0052FE4D /* libxml2.dylib */; };
		C68F5B9C1285C406006F4528 /* InfoPlist.strings in Resources */ = {isa = PBXBuildFile; fileRef = C68F5B9A1285C406006F4528 /* InfoPlist.strings */; };
		C68F5B9E1285C406006F4528 /* main.m in Sources */ = {isa = PBXBuildFile; fileRef = C68F5B9D1285C406006F4528 /* main.m */; };
		C68F5BA11285C406006F4528 /* remindful_baseAppDelegate.m in Sources */ = {isa = PBXBuildFile; fileRef = C68F5BA01285C406006F4528 /* remindful_baseAppDelegate.m */; };
		C68F5BA31285C406006F4528 /* remindful_base.xcdatamodel in Sources */ = {isa = PBXBuildFile; fileRef = C68F5BA21285C406006F4528 /* remindful_base.xcdatamodel */; };
		C68F5BA61285C406006F4528 /* MainWindow.xib in Resources */ = {isa = PBXBuildFile; fileRef = C68F5BA41285C406006F4528 /* MainWindow.xib */; };
		C68F5BA91285C406006F4528 /* MainViewController.m in Sources */ = {isa = PBXBuildFile; fileRef = C68F5BA81285C406006F4528 /* MainViewController.m */; };
		C68F5BAB1285C406006F4528 /* MainView.xib in Resources */ = {isa = PBXBuildFile; fileRef = C68F5BAA1285C406006F4528 /* MainView.xib */; };
		C68F5BAE1285C406006F4528 /* FlipsideViewController.m in Sources */ = {isa = PBXBuildFile; fileRef = C68F5BAD1285C406006F4528 /* FlipsideViewController.m */; };
		C68F5BB01285C406006F4528 /* FlipsideView.xib in Resources */ = {isa = PBXBuildFile; fileRef = C68F5BAF1285C406006F4528 /* FlipsideView.xib */; };
		C69B01241288DC8F007A5549 /* Facebook.m in Sources */ = {isa = PBXBuildFile; fileRef = C69B010C1288DC8F007A5549 /* Facebook.m */; };
		C69B01251288DC8F007A5549 /* FBDialog.bundle in Resources */ = {isa = PBXBuildFile; fileRef = C69B010F1288DC8F007A5549 /* FBDialog.bundle */; };
		C69B01261288DC8F007A5549 /* FBDialog.m in Sources */ = {isa = PBXBuildFile; fileRef = C69B01111288DC8F007A5549 /* FBDialog.m */; };
		C69B01271288DC8F007A5549 /* FBLoginDialog.m in Sources */ = {isa = PBXBuildFile; fileRef = C69B01131288DC8F007A5549 /* FBLoginDialog.m */; };
		C69B01281288DC8F007A5549 /* FBRequest.m in Sources */ = {isa = PBXBuildFile; fileRef = C69B01151288DC8F007A5549 /* FBRequest.m */; };
		C69B01291288DC8F007A5549 /* NSObject+SBJSON.m in Sources */ = {isa = PBXBuildFile; fileRef = C69B01191288DC8F007A5549 /* NSObject+SBJSON.m */; };
		C69B012A1288DC8F007A5549 /* NSString+SBJSON.m in Sources */ = {isa = PBXBuildFile; fileRef = C69B011B1288DC8F007A5549 /* NSString+SBJSON.m */; };
		C69B012B1288DC8F007A5549 /* SBJSON.m in Sources */ = {isa = PBXBuildFile; fileRef = C69B011D1288DC8F007A5549 /* SBJSON.m */; };
		C69B012C1288DC8F007A5549 /* SBJsonBase.m in Sources */ = {isa = PBXBuildFile; fileRef = C69B011F1288DC8F007A5549 /* SBJsonBase.m */; };
		C69B012D1288DC8F007A5549 /* SBJsonParser.m in Sources */ = {isa = PBXBuildFile; fileRef = C69B01211288DC8F007A5549 /* SBJsonParser.m */; };
		C69B012E1288DC8F007A5549 /* SBJsonWriter.m in Sources */ = {isa = PBXBuildFile; fileRef = C69B01231288DC8F007A5549 /* SBJsonWriter.m */; };
		C69E839C12E67A0100B28E88 /* skip_button.png in Resources */ = {isa = PBXBuildFile; fileRef = C69E839B12E67A0100B28E88 /* skip_button.png */; };
		C6A95DDC12E65B8F00ED98B3 /* settings_bg.png in Resources */ = {isa = PBXBuildFile; fileRef = C6A95DDB12E65B8F00ED98B3 /* settings_bg.png */; };
		C6A95DDE12E65CBA00ED98B3 /* preview_button.png in Resources */ = {isa = PBXBuildFile; fileRef = C6A95DDD12E65CBA00ED98B3 /* preview_button.png */; };
		C6A95DE012E65E3B00ED98B3 /* enable_sharing_button.png in Resources */ = {isa = PBXBuildFile; fileRef = C6A95DDF12E65E3B00ED98B3 /* enable_sharing_button.png */; };
		C6A95DE212E6692D00ED98B3 /* welcome_card.png in Resources */ = {isa = PBXBuildFile; fileRef = C6A95DE112E6692D00ED98B3 /* welcome_card.png */; };
		C6A95DE412E66FE700ED98B3 /* skip_button_alt.png in Resources */ = {isa = PBXBuildFile; fileRef = C6A95DE312E66FE700ED98B3 /* skip_button_alt.png */; };
		C6EDD94112A220F3001002DB /* Reminder.m in Sources */ = {isa = PBXBuildFile; fileRef = C6EDD94012A220F3001002DB /* Reminder.m */; };
		C6F2DA2712CA4F70005E3827 /* IntroViewController.m in Sources */ = {isa = PBXBuildFile; fileRef = C6F2DA2512CA4F70005E3827 /* IntroViewController.m */; };
		C6F2DA2812CA4F70005E3827 /* IntroViewController.xib in Resources */ = {isa = PBXBuildFile; fileRef = C6F2DA2612CA4F70005E3827 /* IntroViewController.xib */; };
		C6F2DA2E12CA574C005E3827 /* Icon.png in Resources */ = {isa = PBXBuildFile; fileRef = C6F2DA2D12CA574C005E3827 /* Icon.png */; };
/* End PBXBuildFile section */

/* Begin PBXFileReference section */
		C619B55B12CAC0CC00960E58 /* ShareViewController.h */ = {isa = PBXFileReference; fileEncoding = 4; lastKnownFileType = sourcecode.c.h; lineEnding = 0; path = ShareViewController.h; sourceTree = "<group>"; xcLanguageSpecificationIdentifier = xcode.lang.objcpp; };
		C619B55C12CAC0CC00960E58 /* ShareViewController.m */ = {isa = PBXFileReference; fileEncoding = 4; lastKnownFileType = sourcecode.c.objc; lineEnding = 0; path = ShareViewController.m; sourceTree = "<group>"; xcLanguageSpecificationIdentifier = xcode.lang.objc; };
		C619B55D12CAC0CC00960E58 /* ShareViewController.xib */ = {isa = PBXFileReference; fileEncoding = 4; lastKnownFileType = file.xib; name = ShareViewController.xib; path = Classes/ShareViewController.xib; sourceTree = "<group>"; };
		C6463F5A12E7CC7E00F445A2 /* reminder_card_placeholder.png */ = {isa = PBXFileReference; lastKnownFileType = image.png; path = reminder_card_placeholder.png; sourceTree = "<group>"; };
		C6463F5C12E7CEE900F445A2 /* more_button.png */ = {isa = PBXFileReference; lastKnownFileType = image.png; path = more_button.png; sourceTree = "<group>"; };
		C6463F5D12E7CEE900F445A2 /* reminder_card.png */ = {isa = PBXFileReference; lastKnownFileType = image.png; path = reminder_card.png; sourceTree = "<group>"; };
		C6463F5E12E7CEE900F445A2 /* share_reminder_button.png */ = {isa = PBXFileReference; lastKnownFileType = image.png; path = share_reminder_button.png; sourceTree = "<group>"; };
		C6463F5F12E7CEE900F445A2 /* thanks_reminder_button.png */ = {isa = PBXFileReference; lastKnownFileType = image.png; path = thanks_reminder_button.png; sourceTree = "<group>"; };
		C6463F6412E92EF700F445A2 /* done_sharing_button.png */ = {isa = PBXFileReference; lastKnownFileType = image.png; path = done_sharing_button.png; sourceTree = "<group>"; };
		C6463F6512E92EF700F445A2 /* share_facebook_button_alt.png */ = {isa = PBXFileReference; lastKnownFileType = image.png; path = share_facebook_button_alt.png; sourceTree = "<group>"; };
		C6463F6612E92EF700F445A2 /* share_facebook_button.png */ = {isa = PBXFileReference; lastKnownFileType = image.png; path = share_facebook_button.png; sourceTree = "<group>"; };
		C6463F6712E92EF700F445A2 /* share_overlay_placeholder.png */ = {isa = PBXFileReference; lastKnownFileType = image.png; path = share_overlay_placeholder.png; sourceTree = "<group>"; };
		C6463F6812E92EF700F445A2 /* share_overlay.png */ = {isa = PBXFileReference; lastKnownFileType = image.png; path = share_overlay.png; sourceTree = "<group>"; };
		C6463F6912E92EF700F445A2 /* share_twitter_button_alt.png */ = {isa = PBXFileReference; lastKnownFileType = image.png; path = share_twitter_button_alt.png; sourceTree = "<group>"; };
		C6463F6A12E92EF700F445A2 /* share_twitter_button.png */ = {isa = PBXFileReference; lastKnownFileType = image.png; path = share_twitter_button.png; sourceTree = "<group>"; };
		C6463F7712EA602F00F445A2 /* SocialViewController.h */ = {isa = PBXFileReference; fileEncoding = 4; lastKnownFileType = sourcecode.c.h; lineEnding = 0; path = SocialViewController.h; sourceTree = "<group>"; xcLanguageSpecificationIdentifier = xcode.lang.objcpp; };
		C6463F7812EA602F00F445A2 /* SocialViewController.m */ = {isa = PBXFileReference; fileEncoding = 4; lastKnownFileType = sourcecode.c.objc; lineEnding = 0; path = SocialViewController.m; sourceTree = "<group>"; xcLanguageSpecificationIdentifier = xcode.lang.objc; };
		C6463F7912EA602F00F445A2 /* SocialViewController.xib */ = {isa = PBXFileReference; fileEncoding = 4; lastKnownFileType = file.xib; name = SocialViewController.xib; path = Classes/SocialViewController.xib; sourceTree = "<group>"; };
		C6463F7D12EA896800F445A2 /* settings_share_overlay_placeholder.png */ = {isa = PBXFileReference; lastKnownFileType = image.png; path = settings_share_overlay_placeholder.png; sourceTree = "<group>"; };
		C6463F7E12EA896800F445A2 /* settings_share_overlay.png */ = {isa = PBXFileReference; lastKnownFileType = image.png; path = settings_share_overlay.png; sourceTree = "<group>"; };
		C6463F8212EC8B9D00F445A2 /* enable_sharing_button_all.png */ = {isa = PBXFileReference; lastKnownFileType = image.png; path = enable_sharing_button_all.png; sourceTree = "<group>"; };
		C6463F8312EC8B9D00F445A2 /* enable_sharing_button_facebook.png */ = {isa = PBXFileReference; lastKnownFileType = image.png; path = enable_sharing_button_facebook.png; sourceTree = "<group>"; };
		C6463F8412EC8B9D00F445A2 /* enable_sharing_button_twitter.png */ = {isa = PBXFileReference; lastKnownFileType = image.png; path = enable_sharing_button_twitter.png; sourceTree = "<group>"; };
		C6463F8812EC96C700F445A2 /* PreviewViewController.h */ = {isa = PBXFileReference; fileEncoding = 4; lastKnownFileType = sourcecode.c.h; lineEnding = 0; path = PreviewViewController.h; sourceTree = "<group>"; xcLanguageSpecificationIdentifier = xcode.lang.objcpp; };
		C6463F8912EC96C700F445A2 /* PreviewViewController.m */ = {isa = PBXFileReference; fileEncoding = 4; lastKnownFileType = sourcecode.c.objc; lineEnding = 0; path = PreviewViewController.m; sourceTree = "<group>"; xcLanguageSpecificationIdentifier = xcode.lang.objc; };
		C6463F8A12EC96C700F445A2 /* PreviewViewController.xib */ = {isa = PBXFileReference; fileEncoding = 4; lastKnownFileType = file.xib; name = PreviewViewController.xib; path = Classes/PreviewViewController.xib; sourceTree = "<group>"; };
		C6463F8E12EC986E00F445A2 /* preview_card_placeholder.png */ = {isa = PBXFileReference; lastKnownFileType = image.png; path = preview_card_placeholder.png; sourceTree = "<group>"; };
		C6463F8F12EC986E00F445A2 /* preview_card.png */ = {isa = PBXFileReference; lastKnownFileType = image.png; path = preview_card.png; sourceTree = "<group>"; };
		C6463F9212ECA49600F445A2 /* preview_back_button.png */ = {isa = PBXFileReference; lastKnownFileType = image.png; path = preview_back_button.png; sourceTree = "<group>"; };
		C6463F9412ECFBEC00F445A2 /* ShareSuccessViewController.h */ = {isa = PBXFileReference; fileEncoding = 4; lastKnownFileType = sourcecode.c.h; lineEnding = 0; path = ShareSuccessViewController.h; sourceTree = "<group>"; xcLanguageSpecificationIdentifier = xcode.lang.objcpp; };
		C6463F9512ECFBEC00F445A2 /* ShareSuccessViewController.m */ = {isa = PBXFileReference; fileEncoding = 4; lastKnownFileType = sourcecode.c.objc; lineEnding = 0; path = ShareSuccessViewController.m; sourceTree = "<group>"; xcLanguageSpecificationIdentifier = xcode.lang.objc; };
		C6463F9612ECFBEC00F445A2 /* ShareSuccessViewController.xib */ = {isa = PBXFileReference; fileEncoding = 4; lastKnownFileType = file.xib; name = ShareSuccessViewController.xib; path = Classes/ShareSuccessViewController.xib; sourceTree = "<group>"; };
		C6463F9A12ECFC7800F445A2 /* share_success_card.png */ = {isa = PBXFileReference; lastKnownFileType = image.png; path = share_success_card.png; sourceTree = "<group>"; };
		C6463FA212ED337000F445A2 /* circle-1.png */ = {isa = PBXFileReference; lastKnownFileType = image.png; path = "circle-1.png"; sourceTree = "<group>"; };
		C6463FA312ED337000F445A2 /* circle-2.png */ = {isa = PBXFileReference; lastKnownFileType = image.png; path = "circle-2.png"; sourceTree = "<group>"; };
		C6463FA412ED337000F445A2 /* circle-3.png */ = {isa = PBXFileReference; lastKnownFileType = image.png; path = "circle-3.png"; sourceTree = "<group>"; };
		C6463FA812EE602900F445A2 /* success_all.png */ = {isa = PBXFileReference; lastKnownFileType = image.png; path = success_all.png; sourceTree = "<group>"; };
		C6463FA912EE602900F445A2 /* success_facebook.png */ = {isa = PBXFileReference; lastKnownFileType = image.png; path = success_facebook.png; sourceTree = "<group>"; };
		C6463FAA12EE602900F445A2 /* success_twitter.png */ = {isa = PBXFileReference; lastKnownFileType = image.png; path = success_twitter.png; sourceTree = "<group>"; };
		C6574FC212B4332E000A0916 /* jQueryInject.txt */ = {isa = PBXFileReference; fileEncoding = 4; lastKnownFileType = text; path = jQueryInject.txt; sourceTree = "<group>"; };
		C6574FC312B4332E000A0916 /* jQueryInjectLandscape.txt */ = {isa = PBXFileReference; fileEncoding = 4; lastKnownFileType = text; path = jQueryInjectLandscape.txt; sourceTree = "<group>"; };
		C6574FC412B4332E000A0916 /* libOAuth.a */ = {isa = PBXFileReference; lastKnownFileType = archive.ar; path = libOAuth.a; sourceTree = "<group>"; };
		C6574FC612B4332E000A0916 /* NSMutableURLRequest+Parameters.h */ = {isa = PBXFileReference; fileEncoding = 4; lastKnownFileType = sourcecode.c.h; path = "NSMutableURLRequest+Parameters.h"; sourceTree = "<group>"; };
		C6574FC712B4332E000A0916 /* NSString+URLEncoding.h */ = {isa = PBXFileReference; fileEncoding = 4; lastKnownFileType = sourcecode.c.h; path = "NSString+URLEncoding.h"; sourceTree = "<group>"; };
		C6574FC812B4332E000A0916 /* NSURL+Base.h */ = {isa = PBXFileReference; fileEncoding = 4; lastKnownFileType = sourcecode.c.h; path = "NSURL+Base.h"; sourceTree = "<group>"; };
		C6574FC912B4332E000A0916 /* OAAsynchronousDataFetcher.h */ = {isa = PBXFileReference; fileEncoding = 4; lastKnownFileType = sourcecode.c.h; path = OAAsynchronousDataFetcher.h; sourceTree = "<group>"; };
		C6574FCA12B4332E000A0916 /* OAConsumer.h */ = {isa = PBXFileReference; fileEncoding = 4; lastKnownFileType = sourcecode.c.h; path = OAConsumer.h; sourceTree = "<group>"; };
		C6574FCB12B4332E000A0916 /* OADataFetcher.h */ = {isa = PBXFileReference; fileEncoding = 4; lastKnownFileType = sourcecode.c.h; path = OADataFetcher.h; sourceTree = "<group>"; };
		C6574FCC12B4332E000A0916 /* OAHMAC_SHA1SignatureProvider.h */ = {isa = PBXFileReference; fileEncoding = 4; lastKnownFileType = sourcecode.c.h; path = OAHMAC_SHA1SignatureProvider.h; sourceTree = "<group>"; };
		C6574FCD12B4332E000A0916 /* OAMutableURLRequest.h */ = {isa = PBXFileReference; fileEncoding = 4; lastKnownFileType = sourcecode.c.h; path = OAMutableURLRequest.h; sourceTree = "<group>"; };
		C6574FCE12B4332E000A0916 /* OAPlaintextSignatureProvider.h */ = {isa = PBXFileReference; fileEncoding = 4; lastKnownFileType = sourcecode.c.h; path = OAPlaintextSignatureProvider.h; sourceTree = "<group>"; };
		C6574FCF12B4332E000A0916 /* OARequestParameter.h */ = {isa = PBXFileReference; fileEncoding = 4; lastKnownFileType = sourcecode.c.h; path = OARequestParameter.h; sourceTree = "<group>"; };
		C6574FD012B4332E000A0916 /* OAServiceTicket.h */ = {isa = PBXFileReference; fileEncoding = 4; lastKnownFileType = sourcecode.c.h; path = OAServiceTicket.h; sourceTree = "<group>"; };
		C6574FD112B4332E000A0916 /* OASignatureProviding.h */ = {isa = PBXFileReference; fileEncoding = 4; lastKnownFileType = sourcecode.c.h; path = OASignatureProviding.h; sourceTree = "<group>"; };
		C6574FD212B4332E000A0916 /* OAToken.h */ = {isa = PBXFileReference; fileEncoding = 4; lastKnownFileType = sourcecode.c.h; path = OAToken.h; sourceTree = "<group>"; };
		C6574FD312B4332E000A0916 /* OAToken_KeychainExtensions.h */ = {isa = PBXFileReference; fileEncoding = 4; lastKnownFileType = sourcecode.c.h; path = OAToken_KeychainExtensions.h; sourceTree = "<group>"; };
		C6574FD412B4332E000A0916 /* OAuthConsumer.h */ = {isa = PBXFileReference; fileEncoding = 4; lastKnownFileType = sourcecode.c.h; path = OAuthConsumer.h; sourceTree = "<group>"; };
		C6574FD612B4332E000A0916 /* MGTwitterEngine.h */ = {isa = PBXFileReference; fileEncoding = 4; lastKnownFileType = sourcecode.c.h; path = MGTwitterEngine.h; sourceTree = "<group>"; };
		C6574FD712B4332E000A0916 /* MGTwitterEngine.m */ = {isa = PBXFileReference; fileEncoding = 4; lastKnownFileType = sourcecode.c.objc; path = MGTwitterEngine.m; sourceTree = "<group>"; };
		C6574FD812B4332E000A0916 /* MGTwitterEngineDelegate.h */ = {isa = PBXFileReference; fileEncoding = 4; lastKnownFileType = sourcecode.c.h; path = MGTwitterEngineDelegate.h; sourceTree = "<group>"; };
		C6574FD912B4332E000A0916 /* MGTwitterEngineGlobalHeader.h */ = {isa = PBXFileReference; fileEncoding = 4; lastKnownFileType = sourcecode.c.h; path = MGTwitterEngineGlobalHeader.h; sourceTree = "<group>"; };
		C6574FDA12B4332E000A0916 /* MGTwitterHTTPURLConnection.h */ = {isa = PBXFileReference; fileEncoding = 4; lastKnownFileType = sourcecode.c.h; path = MGTwitterHTTPURLConnection.h; sourceTree = "<group>"; };
		C6574FDB12B4332E000A0916 /* MGTwitterHTTPURLConnection.m */ = {isa = PBXFileReference; fileEncoding = 4; lastKnownFileType = sourcecode.c.objc; path = MGTwitterHTTPURLConnection.m; sourceTree = "<group>"; };
		C6574FDC12B4332E000A0916 /* MGTwitterLibXMLParser.h */ = {isa = PBXFileReference; fileEncoding = 4; lastKnownFileType = sourcecode.c.h; path = MGTwitterLibXMLParser.h; sourceTree = "<group>"; };
		C6574FDD12B4332E000A0916 /* MGTwitterLibXMLParser.m */ = {isa = PBXFileReference; fileEncoding = 4; lastKnownFileType = sourcecode.c.objc; path = MGTwitterLibXMLParser.m; sourceTree = "<group>"; };
		C6574FDE12B4332E000A0916 /* MGTwitterMessagesLibXMLParser.h */ = {isa = PBXFileReference; fileEncoding = 4; lastKnownFileType = sourcecode.c.h; path = MGTwitterMessagesLibXMLParser.h; sourceTree = "<group>"; };
		C6574FDF12B4332E000A0916 /* MGTwitterMessagesLibXMLParser.m */ = {isa = PBXFileReference; fileEncoding = 4; lastKnownFileType = sourcecode.c.objc; path = MGTwitterMessagesLibXMLParser.m; sourceTree = "<group>"; };
		C6574FE012B4332E000A0916 /* MGTwitterMessagesParser.h */ = {isa = PBXFileReference; fileEncoding = 4; lastKnownFileType = sourcecode.c.h; path = MGTwitterMessagesParser.h; sourceTree = "<group>"; };
		C6574FE112B4332E000A0916 /* MGTwitterMessagesParser.m */ = {isa = PBXFileReference; fileEncoding = 4; lastKnownFileType = sourcecode.c.objc; path = MGTwitterMessagesParser.m; sourceTree = "<group>"; };
		C6574FE212B4332E000A0916 /* MGTwitterMiscLibXMLParser.h */ = {isa = PBXFileReference; fileEncoding = 4; lastKnownFileType = sourcecode.c.h; path = MGTwitterMiscLibXMLParser.h; sourceTree = "<group>"; };
		C6574FE312B4332E000A0916 /* MGTwitterMiscLibXMLParser.m */ = {isa = PBXFileReference; fileEncoding = 4; lastKnownFileType = sourcecode.c.objc; path = MGTwitterMiscLibXMLParser.m; sourceTree = "<group>"; };
		C6574FE412B4332E000A0916 /* MGTwitterMiscParser.h */ = {isa = PBXFileReference; fileEncoding = 4; lastKnownFileType = sourcecode.c.h; path = MGTwitterMiscParser.h; sourceTree = "<group>"; };
		C6574FE512B4332E000A0916 /* MGTwitterMiscParser.m */ = {isa = PBXFileReference; fileEncoding = 4; lastKnownFileType = sourcecode.c.objc; path = MGTwitterMiscParser.m; sourceTree = "<group>"; };
		C6574FE612B4332E000A0916 /* MGTwitterParserDelegate.h */ = {isa = PBXFileReference; fileEncoding = 4; lastKnownFileType = sourcecode.c.h; path = MGTwitterParserDelegate.h; sourceTree = "<group>"; };
		C6574FE712B4332E000A0916 /* MGTwitterRequestTypes.h */ = {isa = PBXFileReference; fileEncoding = 4; lastKnownFileType = sourcecode.c.h; path = MGTwitterRequestTypes.h; sourceTree = "<group>"; };
		C6574FE812B4332E000A0916 /* MGTwitterStatusesLibXMLParser.h */ = {isa = PBXFileReference; fileEncoding = 4; lastKnownFileType = sourcecode.c.h; path = MGTwitterStatusesLibXMLParser.h; sourceTree = "<group>"; };
		C6574FE912B4332E000A0916 /* MGTwitterStatusesLibXMLParser.m */ = {isa = PBXFileReference; fileEncoding = 4; lastKnownFileType = sourcecode.c.objc; path = MGTwitterStatusesLibXMLParser.m; sourceTree = "<group>"; };
		C6574FEA12B4332E000A0916 /* MGTwitterStatusesParser.h */ = {isa = PBXFileReference; fileEncoding = 4; lastKnownFileType = sourcecode.c.h; path = MGTwitterStatusesParser.h; sourceTree = "<group>"; };
		C6574FEB12B4332E000A0916 /* MGTwitterStatusesParser.m */ = {isa = PBXFileReference; fileEncoding = 4; lastKnownFileType = sourcecode.c.objc; path = MGTwitterStatusesParser.m; sourceTree = "<group>"; };
		C6574FEC12B4332E000A0916 /* MGTwitterUsersLibXMLParser.h */ = {isa = PBXFileReference; fileEncoding = 4; lastKnownFileType = sourcecode.c.h; path = MGTwitterUsersLibXMLParser.h; sourceTree = "<group>"; };
		C6574FED12B4332E000A0916 /* MGTwitterUsersLibXMLParser.m */ = {isa = PBXFileReference; fileEncoding = 4; lastKnownFileType = sourcecode.c.objc; path = MGTwitterUsersLibXMLParser.m; sourceTree = "<group>"; };
		C6574FEE12B4332E000A0916 /* MGTwitterUsersParser.h */ = {isa = PBXFileReference; fileEncoding = 4; lastKnownFileType = sourcecode.c.h; path = MGTwitterUsersParser.h; sourceTree = "<group>"; };
		C6574FEF12B4332E000A0916 /* MGTwitterUsersParser.m */ = {isa = PBXFileReference; fileEncoding = 4; lastKnownFileType = sourcecode.c.objc; path = MGTwitterUsersParser.m; sourceTree = "<group>"; };
		C6574FF012B4332E000A0916 /* MGTwitterXMLParser.h */ = {isa = PBXFileReference; fileEncoding = 4; lastKnownFileType = sourcecode.c.h; path = MGTwitterXMLParser.h; sourceTree = "<group>"; };
		C6574FF112B4332E000A0916 /* MGTwitterXMLParser.m */ = {isa = PBXFileReference; fileEncoding = 4; lastKnownFileType = sourcecode.c.objc; path = MGTwitterXMLParser.m; sourceTree = "<group>"; };
		C6574FF212B4332E000A0916 /* NSData+Base64.h */ = {isa = PBXFileReference; fileEncoding = 4; lastKnownFileType = sourcecode.c.h; path = "NSData+Base64.h"; sourceTree = "<group>"; };
		C6574FF312B4332E000A0916 /* NSData+Base64.m */ = {isa = PBXFileReference; fileEncoding = 4; lastKnownFileType = sourcecode.c.objc; path = "NSData+Base64.m"; sourceTree = "<group>"; };
		C6574FF412B4332E000A0916 /* NSString+UUID.h */ = {isa = PBXFileReference; fileEncoding = 4; lastKnownFileType = sourcecode.c.h; path = "NSString+UUID.h"; sourceTree = "<group>"; };
		C6574FF512B4332E000A0916 /* NSString+UUID.m */ = {isa = PBXFileReference; fileEncoding = 4; lastKnownFileType = sourcecode.c.objc; path = "NSString+UUID.m"; sourceTree = "<group>"; };
		C6574FF712B4332E000A0916 /* SA_OAuthTwitterController.h */ = {isa = PBXFileReference; fileEncoding = 4; lastKnownFileType = sourcecode.c.h; path = SA_OAuthTwitterController.h; sourceTree = "<group>"; };
		C6574FF812B4332E000A0916 /* SA_OAuthTwitterController.m */ = {isa = PBXFileReference; fileEncoding = 4; lastKnownFileType = sourcecode.c.objc; path = SA_OAuthTwitterController.m; sourceTree = "<group>"; };
		C6574FF912B4332E000A0916 /* SA_OAuthTwitterEngine.h */ = {isa = PBXFileReference; fileEncoding = 4; lastKnownFileType = sourcecode.c.h; path = SA_OAuthTwitterEngine.h; sourceTree = "<group>"; };
		C6574FFA12B4332E000A0916 /* SA_OAuthTwitterEngine.m */ = {isa = PBXFileReference; fileEncoding = 4; lastKnownFileType = sourcecode.c.objc; path = SA_OAuthTwitterEngine.m; sourceTree = "<group>"; };
		C6574FFB12B4332E000A0916 /* twitter_load.png */ = {isa = PBXFileReference; lastKnownFileType = image.png; path = twitter_load.png; sourceTree = "<group>"; };
		C65C07A012BD658F0052FE4D /* UIKit.framework */ = {isa = PBXFileReference; lastKnownFileType = wrapper.framework; name = UIKit.framework; path = Xcode4/Platforms/iPhoneOS.platform/Developer/SDKs/iPhoneOS4.2.sdk/System/Library/Frameworks/UIKit.framework; sourceTree = SDKROOT; };
		C65C07A212BD65B10052FE4D /* CoreGraphics.framework */ = {isa = PBXFileReference; lastKnownFileType = wrapper.framework; name = CoreGraphics.framework; path = Xcode4/Platforms/iPhoneOS.platform/Developer/SDKs/iPhoneOS4.2.sdk/System/Library/Frameworks/CoreGraphics.framework; sourceTree = SDKROOT; };
		C65C07A412BD65B80052FE4D /* Foundation.framework */ = {isa = PBXFileReference; lastKnownFileType = wrapper.framework; name = Foundation.framework; path = Xcode4/Platforms/iPhoneOS.platform/Developer/SDKs/iPhoneOS4.2.sdk/System/Library/Frameworks/Foundation.framework; sourceTree = SDKROOT; };
		C65C07A612BD65C10052FE4D /* CoreData.framework */ = {isa = PBXFileReference; lastKnownFileType = wrapper.framework; name = CoreData.framework; path = Xcode4/Platforms/iPhoneOS.platform/Developer/SDKs/iPhoneOS4.2.sdk/System/Library/Frameworks/CoreData.framework; sourceTree = SDKROOT; };
		C65C07A812BD65CD0052FE4D /* libxml2.dylib */ = {isa = PBXFileReference; lastKnownFileType = "compiled.mach-o.dylib"; name = libxml2.dylib; path = Xcode4/Platforms/iPhoneOS.platform/Developer/SDKs/iPhoneOS4.2.sdk/usr/lib/libxml2.dylib; sourceTree = SDKROOT; };
		C68F5B8D1285C406006F4528 /* remindful-base.app */ = {isa = PBXFileReference; explicitFileType = wrapper.application; includeInIndex = 0; path = "remindful-base.app"; sourceTree = BUILT_PRODUCTS_DIR; };
		C68F5B981285C406006F4528 /* remindful_base-Info.plist */ = {isa = PBXFileReference; lastKnownFileType = text.plist.xml; path = "remindful_base-Info.plist"; sourceTree = "<group>"; };
		C68F5B991285C406006F4528 /* remindful_base_Prefix.pch */ = {isa = PBXFileReference; lastKnownFileType = sourcecode.c.h; path = remindful_base_Prefix.pch; sourceTree = "<group>"; };
		C68F5B9B1285C406006F4528 /* en */ = {isa = PBXFileReference; lastKnownFileType = text.plist.strings; name = en; path = en.lproj/InfoPlist.strings; sourceTree = "<group>"; };
		C68F5B9D1285C406006F4528 /* main.m */ = {isa = PBXFileReference; lastKnownFileType = sourcecode.c.objc; lineEnding = 0; path = main.m; sourceTree = "<group>"; xcLanguageSpecificationIdentifier = xcode.lang.objc; };
		C68F5B9F1285C406006F4528 /* remindful_baseAppDelegate.h */ = {isa = PBXFileReference; lastKnownFileType = sourcecode.c.h; lineEnding = 0; path = remindful_baseAppDelegate.h; sourceTree = "<group>"; xcLanguageSpecificationIdentifier = xcode.lang.objcpp; };
		C68F5BA01285C406006F4528 /* remindful_baseAppDelegate.m */ = {isa = PBXFileReference; lastKnownFileType = sourcecode.c.objc; lineEnding = 0; path = remindful_baseAppDelegate.m; sourceTree = "<group>"; xcLanguageSpecificationIdentifier = xcode.lang.objc; };
		C68F5BA21285C406006F4528 /* remindful_base.xcdatamodel */ = {isa = PBXFileReference; lastKnownFileType = wrapper.xcdatamodel; path = remindful_base.xcdatamodel; sourceTree = "<group>"; };
		C68F5BA51285C406006F4528 /* en */ = {isa = PBXFileReference; lastKnownFileType = file.xib; name = en; path = en.lproj/MainWindow.xib; sourceTree = "<group>"; };
		C68F5BA71285C406006F4528 /* MainViewController.h */ = {isa = PBXFileReference; lastKnownFileType = sourcecode.c.h; lineEnding = 0; path = MainViewController.h; sourceTree = "<group>"; xcLanguageSpecificationIdentifier = xcode.lang.objcpp; };
		C68F5BA81285C406006F4528 /* MainViewController.m */ = {isa = PBXFileReference; lastKnownFileType = sourcecode.c.objc; lineEnding = 0; path = MainViewController.m; sourceTree = "<group>"; xcLanguageSpecificationIdentifier = xcode.lang.objc; };
		C68F5BAA1285C406006F4528 /* MainView.xib */ = {isa = PBXFileReference; lastKnownFileType = file.xib; path = MainView.xib; sourceTree = "<group>"; };
		C68F5BAC1285C406006F4528 /* FlipsideViewController.h */ = {isa = PBXFileReference; lastKnownFileType = sourcecode.c.h; lineEnding = 0; path = FlipsideViewController.h; sourceTree = "<group>"; xcLanguageSpecificationIdentifier = xcode.lang.objcpp; };
		C68F5BAD1285C406006F4528 /* FlipsideViewController.m */ = {isa = PBXFileReference; lastKnownFileType = sourcecode.c.objc; lineEnding = 0; path = FlipsideViewController.m; sourceTree = "<group>"; xcLanguageSpecificationIdentifier = xcode.lang.objc; };
		C68F5BAF1285C406006F4528 /* FlipsideView.xib */ = {isa = PBXFileReference; lastKnownFileType = file.xib; path = FlipsideView.xib; sourceTree = "<group>"; };
		C69B010B1288DC8F007A5549 /* Facebook.h */ = {isa = PBXFileReference; fileEncoding = 4; lastKnownFileType = sourcecode.c.h; path = Facebook.h; sourceTree = "<group>"; };
		C69B010C1288DC8F007A5549 /* Facebook.m */ = {isa = PBXFileReference; fileEncoding = 4; lastKnownFileType = sourcecode.c.objc; path = Facebook.m; sourceTree = "<group>"; };
		C69B010E1288DC8F007A5549 /* FBConnect.h */ = {isa = PBXFileReference; fileEncoding = 4; lastKnownFileType = sourcecode.c.h; path = FBConnect.h; sourceTree = "<group>"; };
		C69B010F1288DC8F007A5549 /* FBDialog.bundle */ = {isa = PBXFileReference; lastKnownFileType = "wrapper.plug-in"; path = FBDialog.bundle; sourceTree = "<group>"; };
		C69B01101288DC8F007A5549 /* FBDialog.h */ = {isa = PBXFileReference; fileEncoding = 4; lastKnownFileType = sourcecode.c.h; path = FBDialog.h; sourceTree = "<group>"; };
		C69B01111288DC8F007A5549 /* FBDialog.m */ = {isa = PBXFileReference; fileEncoding = 4; lastKnownFileType = sourcecode.c.objc; path = FBDialog.m; sourceTree = "<group>"; };
		C69B01121288DC8F007A5549 /* FBLoginDialog.h */ = {isa = PBXFileReference; fileEncoding = 4; lastKnownFileType = sourcecode.c.h; path = FBLoginDialog.h; sourceTree = "<group>"; };
		C69B01131288DC8F007A5549 /* FBLoginDialog.m */ = {isa = PBXFileReference; fileEncoding = 4; lastKnownFileType = sourcecode.c.objc; path = FBLoginDialog.m; sourceTree = "<group>"; };
		C69B01141288DC8F007A5549 /* FBRequest.h */ = {isa = PBXFileReference; fileEncoding = 4; lastKnownFileType = sourcecode.c.h; path = FBRequest.h; sourceTree = "<group>"; };
		C69B01151288DC8F007A5549 /* FBRequest.m */ = {isa = PBXFileReference; fileEncoding = 4; lastKnownFileType = sourcecode.c.objc; path = FBRequest.m; sourceTree = "<group>"; };
		C69B01171288DC8F007A5549 /* JSON.h */ = {isa = PBXFileReference; fileEncoding = 4; lastKnownFileType = sourcecode.c.h; path = JSON.h; sourceTree = "<group>"; };
		C69B01181288DC8F007A5549 /* NSObject+SBJSON.h */ = {isa = PBXFileReference; fileEncoding = 4; lastKnownFileType = sourcecode.c.h; path = "NSObject+SBJSON.h"; sourceTree = "<group>"; };
		C69B01191288DC8F007A5549 /* NSObject+SBJSON.m */ = {isa = PBXFileReference; fileEncoding = 4; lastKnownFileType = sourcecode.c.objc; path = "NSObject+SBJSON.m"; sourceTree = "<group>"; };
		C69B011A1288DC8F007A5549 /* NSString+SBJSON.h */ = {isa = PBXFileReference; fileEncoding = 4; lastKnownFileType = sourcecode.c.h; path = "NSString+SBJSON.h"; sourceTree = "<group>"; };
		C69B011B1288DC8F007A5549 /* NSString+SBJSON.m */ = {isa = PBXFileReference; fileEncoding = 4; lastKnownFileType = sourcecode.c.objc; path = "NSString+SBJSON.m"; sourceTree = "<group>"; };
		C69B011C1288DC8F007A5549 /* SBJSON.h */ = {isa = PBXFileReference; fileEncoding = 4; lastKnownFileType = sourcecode.c.h; path = SBJSON.h; sourceTree = "<group>"; };
		C69B011D1288DC8F007A5549 /* SBJSON.m */ = {isa = PBXFileReference; fileEncoding = 4; lastKnownFileType = sourcecode.c.objc; path = SBJSON.m; sourceTree = "<group>"; };
		C69B011E1288DC8F007A5549 /* SBJsonBase.h */ = {isa = PBXFileReference; fileEncoding = 4; lastKnownFileType = sourcecode.c.h; path = SBJsonBase.h; sourceTree = "<group>"; };
		C69B011F1288DC8F007A5549 /* SBJsonBase.m */ = {isa = PBXFileReference; fileEncoding = 4; lastKnownFileType = sourcecode.c.objc; path = SBJsonBase.m; sourceTree = "<group>"; };
		C69B01201288DC8F007A5549 /* SBJsonParser.h */ = {isa = PBXFileReference; fileEncoding = 4; lastKnownFileType = sourcecode.c.h; path = SBJsonParser.h; sourceTree = "<group>"; };
		C69B01211288DC8F007A5549 /* SBJsonParser.m */ = {isa = PBXFileReference; fileEncoding = 4; lastKnownFileType = sourcecode.c.objc; path = SBJsonParser.m; sourceTree = "<group>"; };
		C69B01221288DC8F007A5549 /* SBJsonWriter.h */ = {isa = PBXFileReference; fileEncoding = 4; lastKnownFileType = sourcecode.c.h; path = SBJsonWriter.h; sourceTree = "<group>"; };
		C69B01231288DC8F007A5549 /* SBJsonWriter.m */ = {isa = PBXFileReference; fileEncoding = 4; lastKnownFileType = sourcecode.c.objc; path = SBJsonWriter.m; sourceTree = "<group>"; };
		C69E839B12E67A0100B28E88 /* skip_button.png */ = {isa = PBXFileReference; lastKnownFileType = image.png; path = skip_button.png; sourceTree = "<group>"; };
		C6A95DDB12E65B8F00ED98B3 /* settings_bg.png */ = {isa = PBXFileReference; lastKnownFileType = image.png; path = settings_bg.png; sourceTree = "<group>"; };
		C6A95DDD12E65CBA00ED98B3 /* preview_button.png */ = {isa = PBXFileReference; lastKnownFileType = image.png; path = preview_button.png; sourceTree = "<group>"; };
		C6A95DDF12E65E3B00ED98B3 /* enable_sharing_button.png */ = {isa = PBXFileReference; lastKnownFileType = image.png; path = enable_sharing_button.png; sourceTree = "<group>"; };
		C6A95DE112E6692D00ED98B3 /* welcome_card.png */ = {isa = PBXFileReference; lastKnownFileType = image.png; path = welcome_card.png; sourceTree = "<group>"; };
		C6A95DE312E66FE700ED98B3 /* skip_button_alt.png */ = {isa = PBXFileReference; lastKnownFileType = image.png; path = skip_button_alt.png; sourceTree = "<group>"; };
		C6EDD93F12A220F3001002DB /* Reminder.h */ = {isa = PBXFileReference; fileEncoding = 4; lastKnownFileType = sourcecode.c.h; lineEnding = 0; name = Reminder.h; path = ../Reminder.h; sourceTree = "<group>"; xcLanguageSpecificationIdentifier = xcode.lang.objcpp; };
		C6EDD94012A220F3001002DB /* Reminder.m */ = {isa = PBXFileReference; fileEncoding = 4; lastKnownFileType = sourcecode.c.objc; lineEnding = 0; name = Reminder.m; path = ../Reminder.m; sourceTree = "<group>"; xcLanguageSpecificationIdentifier = xcode.lang.objc; };
		C6F2DA2412CA4F70005E3827 /* IntroViewController.h */ = {isa = PBXFileReference; fileEncoding = 4; lastKnownFileType = sourcecode.c.h; lineEnding = 0; path = IntroViewController.h; sourceTree = "<group>"; xcLanguageSpecificationIdentifier = xcode.lang.objcpp; };
		C6F2DA2512CA4F70005E3827 /* IntroViewController.m */ = {isa = PBXFileReference; fileEncoding = 4; lastKnownFileType = sourcecode.c.objc; lineEnding = 0; path = IntroViewController.m; sourceTree = "<group>"; xcLanguageSpecificationIdentifier = xcode.lang.objc; };
		C6F2DA2612CA4F70005E3827 /* IntroViewController.xib */ = {isa = PBXFileReference; fileEncoding = 4; lastKnownFileType = file.xib; name = IntroViewController.xib; path = Classes/IntroViewController.xib; sourceTree = "<group>"; };
		C6F2DA2D12CA574C005E3827 /* Icon.png */ = {isa = PBXFileReference; lastKnownFileType = image.png; path = Icon.png; sourceTree = "<group>"; };
/* End PBXFileReference section */

/* Begin PBXFrameworksBuildPhase section */
		C68F5B8A1285C406006F4528 /* Frameworks */ = {
			isa = PBXFrameworksBuildPhase;
			buildActionMask = 2147483647;
			files = (
				C65C07A912BD65CD0052FE4D /* libxml2.dylib in Frameworks */,
				C65C07A712BD65C10052FE4D /* CoreData.framework in Frameworks */,
				C65C07A512BD65B80052FE4D /* Foundation.framework in Frameworks */,
				C65C07A312BD65B10052FE4D /* CoreGraphics.framework in Frameworks */,
				C65C07A112BD658F0052FE4D /* UIKit.framework in Frameworks */,
				C6574FFE12B4332E000A0916 /* libOAuth.a in Frameworks */,
			);
			runOnlyForDeploymentPostprocessing = 0;
		};
/* End PBXFrameworksBuildPhase section */

/* Begin PBXGroup section */
		C6463F5912E7CC5D00F445A2 /* Reminder Card */ = {
			isa = PBXGroup;
			children = (
				C6463F6412E92EF700F445A2 /* done_sharing_button.png */,
				C6463F6512E92EF700F445A2 /* share_facebook_button_alt.png */,
				C6463F6612E92EF700F445A2 /* share_facebook_button.png */,
				C6463F6712E92EF700F445A2 /* share_overlay_placeholder.png */,
				C6463F6812E92EF700F445A2 /* share_overlay.png */,
				C6463F6912E92EF700F445A2 /* share_twitter_button_alt.png */,
				C6463F6A12E92EF700F445A2 /* share_twitter_button.png */,
				C6463F5C12E7CEE900F445A2 /* more_button.png */,
				C6463F5D12E7CEE900F445A2 /* reminder_card.png */,
				C6463F5E12E7CEE900F445A2 /* share_reminder_button.png */,
				C6463F5F12E7CEE900F445A2 /* thanks_reminder_button.png */,
				C6463F5A12E7CC7E00F445A2 /* reminder_card_placeholder.png */,
			);
			name = "Reminder Card";
			sourceTree = "<group>";
		};
		C6463F7C12EA893600F445A2 /* Settings Card */ = {
			isa = PBXGroup;
			children = (
				C6463FA212ED337000F445A2 /* circle-1.png */,
				C6463FA312ED337000F445A2 /* circle-2.png */,
				C6463FA412ED337000F445A2 /* circle-3.png */,
				C6463F8212EC8B9D00F445A2 /* enable_sharing_button_all.png */,
				C6463F8312EC8B9D00F445A2 /* enable_sharing_button_facebook.png */,
				C6463F8412EC8B9D00F445A2 /* enable_sharing_button_twitter.png */,
				C6A95DDB12E65B8F00ED98B3 /* settings_bg.png */,
				C6A95DDD12E65CBA00ED98B3 /* preview_button.png */,
				C6A95DDF12E65E3B00ED98B3 /* enable_sharing_button.png */,
				C6463F7D12EA896800F445A2 /* settings_share_overlay_placeholder.png */,
				C6463F7E12EA896800F445A2 /* settings_share_overlay.png */,
			);
			name = "Settings Card";
			sourceTree = "<group>";
		};
		C6463F8112EC886D00F445A2 /* App Icons */ = {
			isa = PBXGroup;
			children = (
				C6F2DA2D12CA574C005E3827 /* Icon.png */,
			);
			name = "App Icons";
			sourceTree = "<group>";
		};
		C6463F8D12EC96DF00F445A2 /* Preview Card */ = {
			isa = PBXGroup;
			children = (
				C6463F9212ECA49600F445A2 /* preview_back_button.png */,
				C6463F8E12EC986E00F445A2 /* preview_card_placeholder.png */,
				C6463F8F12EC986E00F445A2 /* preview_card.png */,
			);
			name = "Preview Card";
			sourceTree = "<group>";
		};
		C6463F9912ECFC5D00F445A2 /* Share Success Card */ = {
			isa = PBXGroup;
			children = (
				C6463FA812EE602900F445A2 /* success_all.png */,
				C6463FA912EE602900F445A2 /* success_facebook.png */,
				C6463FAA12EE602900F445A2 /* success_twitter.png */,
				C6463F9A12ECFC7800F445A2 /* share_success_card.png */,
			);
			name = "Share Success Card";
			sourceTree = "<group>";
		};
		C6574FC012B4332E000A0916 /* Twitter+OAuth */ = {
			isa = PBXGroup;
			children = (
				C6574FC112B4332E000A0916 /* Libraries & Headers */,
				C6574FD512B4332E000A0916 /* MGTwitterEngine */,
				C6574FF612B4332E000A0916 /* SAOAuthTwitterEngine */,
			);
			path = "Twitter+OAuth";
			sourceTree = "<group>";
		};
		C6574FC112B4332E000A0916 /* Libraries & Headers */ = {
			isa = PBXGroup;
			children = (
				C6574FC212B4332E000A0916 /* jQueryInject.txt */,
				C6574FC312B4332E000A0916 /* jQueryInjectLandscape.txt */,
				C6574FC412B4332E000A0916 /* libOAuth.a */,
				C6574FC512B4332E000A0916 /* OAuthConsumer */,
			);
			path = "Libraries & Headers";
			sourceTree = "<group>";
		};
		C6574FC512B4332E000A0916 /* OAuthConsumer */ = {
			isa = PBXGroup;
			children = (
				C6574FC612B4332E000A0916 /* NSMutableURLRequest+Parameters.h */,
				C6574FC712B4332E000A0916 /* NSString+URLEncoding.h */,
				C6574FC812B4332E000A0916 /* NSURL+Base.h */,
				C6574FC912B4332E000A0916 /* OAAsynchronousDataFetcher.h */,
				C6574FCA12B4332E000A0916 /* OAConsumer.h */,
				C6574FCB12B4332E000A0916 /* OADataFetcher.h */,
				C6574FCC12B4332E000A0916 /* OAHMAC_SHA1SignatureProvider.h */,
				C6574FCD12B4332E000A0916 /* OAMutableURLRequest.h */,
				C6574FCE12B4332E000A0916 /* OAPlaintextSignatureProvider.h */,
				C6574FCF12B4332E000A0916 /* OARequestParameter.h */,
				C6574FD012B4332E000A0916 /* OAServiceTicket.h */,
				C6574FD112B4332E000A0916 /* OASignatureProviding.h */,
				C6574FD212B4332E000A0916 /* OAToken.h */,
				C6574FD312B4332E000A0916 /* OAToken_KeychainExtensions.h */,
				C6574FD412B4332E000A0916 /* OAuthConsumer.h */,
			);
			path = OAuthConsumer;
			sourceTree = "<group>";
		};
		C6574FD512B4332E000A0916 /* MGTwitterEngine */ = {
			isa = PBXGroup;
			children = (
				C6574FD612B4332E000A0916 /* MGTwitterEngine.h */,
				C6574FD712B4332E000A0916 /* MGTwitterEngine.m */,
				C6574FD812B4332E000A0916 /* MGTwitterEngineDelegate.h */,
				C6574FD912B4332E000A0916 /* MGTwitterEngineGlobalHeader.h */,
				C6574FDA12B4332E000A0916 /* MGTwitterHTTPURLConnection.h */,
				C6574FDB12B4332E000A0916 /* MGTwitterHTTPURLConnection.m */,
				C6574FDC12B4332E000A0916 /* MGTwitterLibXMLParser.h */,
				C6574FDD12B4332E000A0916 /* MGTwitterLibXMLParser.m */,
				C6574FDE12B4332E000A0916 /* MGTwitterMessagesLibXMLParser.h */,
				C6574FDF12B4332E000A0916 /* MGTwitterMessagesLibXMLParser.m */,
				C6574FE012B4332E000A0916 /* MGTwitterMessagesParser.h */,
				C6574FE112B4332E000A0916 /* MGTwitterMessagesParser.m */,
				C6574FE212B4332E000A0916 /* MGTwitterMiscLibXMLParser.h */,
				C6574FE312B4332E000A0916 /* MGTwitterMiscLibXMLParser.m */,
				C6574FE412B4332E000A0916 /* MGTwitterMiscParser.h */,
				C6574FE512B4332E000A0916 /* MGTwitterMiscParser.m */,
				C6574FE612B4332E000A0916 /* MGTwitterParserDelegate.h */,
				C6574FE712B4332E000A0916 /* MGTwitterRequestTypes.h */,
				C6574FE812B4332E000A0916 /* MGTwitterStatusesLibXMLParser.h */,
				C6574FE912B4332E000A0916 /* MGTwitterStatusesLibXMLParser.m */,
				C6574FEA12B4332E000A0916 /* MGTwitterStatusesParser.h */,
				C6574FEB12B4332E000A0916 /* MGTwitterStatusesParser.m */,
				C6574FEC12B4332E000A0916 /* MGTwitterUsersLibXMLParser.h */,
				C6574FED12B4332E000A0916 /* MGTwitterUsersLibXMLParser.m */,
				C6574FEE12B4332E000A0916 /* MGTwitterUsersParser.h */,
				C6574FEF12B4332E000A0916 /* MGTwitterUsersParser.m */,
				C6574FF012B4332E000A0916 /* MGTwitterXMLParser.h */,
				C6574FF112B4332E000A0916 /* MGTwitterXMLParser.m */,
				C6574FF212B4332E000A0916 /* NSData+Base64.h */,
				C6574FF312B4332E000A0916 /* NSData+Base64.m */,
				C6574FF412B4332E000A0916 /* NSString+UUID.h */,
				C6574FF512B4332E000A0916 /* NSString+UUID.m */,
			);
			path = MGTwitterEngine;
			sourceTree = "<group>";
		};
		C6574FF612B4332E000A0916 /* SAOAuthTwitterEngine */ = {
			isa = PBXGroup;
			children = (
				C6574FF712B4332E000A0916 /* SA_OAuthTwitterController.h */,
				C6574FF812B4332E000A0916 /* SA_OAuthTwitterController.m */,
				C6574FF912B4332E000A0916 /* SA_OAuthTwitterEngine.h */,
				C6574FFA12B4332E000A0916 /* SA_OAuthTwitterEngine.m */,
				C6574FFB12B4332E000A0916 /* twitter_load.png */,
			);
			path = SAOAuthTwitterEngine;
			sourceTree = "<group>";
		};
		C68F5B7D1285C406006F4528 = {
			isa = PBXGroup;
			children = (
				C68F5B841285C406006F4528 /* Models */,
				C68F5B851285C406006F4528 /* Classes */,
				C68F5B861285C406006F4528 /* Other Sources */,
				C68F5B871285C406006F4528 /* Resources */,
				C68F5B881285C406006F4528 /* Frameworks */,
				C68F5B8E1285C406006F4528 /* Products */,
			);
			sourceTree = "<group>";
		};
		C68F5B841285C406006F4528 /* Models */ = {
			isa = PBXGroup;
			children = (
				C68F5BA21285C406006F4528 /* remindful_base.xcdatamodel */,
			);
			name = Models;
			sourceTree = "<group>";
		};
		C68F5B851285C406006F4528 /* Classes */ = {
			isa = PBXGroup;
			children = (
				C6EDD93F12A220F3001002DB /* Reminder.h */,
				C6EDD94012A220F3001002DB /* Reminder.m */,
				C68F5B9F1285C406006F4528 /* remindful_baseAppDelegate.h */,
				C68F5BA01285C406006F4528 /* remindful_baseAppDelegate.m */,
				C68F5BA71285C406006F4528 /* MainViewController.h */,
				C68F5BA81285C406006F4528 /* MainViewController.m */,
				C6463F7712EA602F00F445A2 /* SocialViewController.h */,
				C6463F7812EA602F00F445A2 /* SocialViewController.m */,
				C6463F8812EC96C700F445A2 /* PreviewViewController.h */,
				C6463F8912EC96C700F445A2 /* PreviewViewController.m */,
				C68F5BAC1285C406006F4528 /* FlipsideViewController.h */,
				C68F5BAD1285C406006F4528 /* FlipsideViewController.m */,
				C619B55B12CAC0CC00960E58 /* ShareViewController.h */,
				C619B55C12CAC0CC00960E58 /* ShareViewController.m */,
				C6F2DA2412CA4F70005E3827 /* IntroViewController.h */,
				C6F2DA2512CA4F70005E3827 /* IntroViewController.m */,
				C6463F9412ECFBEC00F445A2 /* ShareSuccessViewController.h */,
				C6463F9512ECFBEC00F445A2 /* ShareSuccessViewController.m */,
			);
			path = Classes;
			sourceTree = "<group>";
		};
		C68F5B861285C406006F4528 /* Other Sources */ = {
			isa = PBXGroup;
			children = (
				C6574FC012B4332E000A0916 /* Twitter+OAuth */,
				C69B01071288DC8F007A5549 /* FBConnect */,
				C68F5B991285C406006F4528 /* remindful_base_Prefix.pch */,
				C68F5B9D1285C406006F4528 /* main.m */,
			);
			name = "Other Sources";
			sourceTree = "<group>";
		};
		C68F5B871285C406006F4528 /* Resources */ = {
			isa = PBXGroup;
			children = (
				C6463F9912ECFC5D00F445A2 /* Share Success Card */,
				C6463F8D12EC96DF00F445A2 /* Preview Card */,
				C6463F8112EC886D00F445A2 /* App Icons */,
				C6463F7C12EA893600F445A2 /* Settings Card */,
				C6463F5912E7CC5D00F445A2 /* Reminder Card */,
				C69E839D12E67A0F00B28E88 /* Welcome Card */,
				C6463F7912EA602F00F445A2 /* SocialViewController.xib */,
				C6463F9612ECFBEC00F445A2 /* ShareSuccessViewController.xib */,
				C619B55D12CAC0CC00960E58 /* ShareViewController.xib */,
				C6F2DA2612CA4F70005E3827 /* IntroViewController.xib */,
				C68F5BAF1285C406006F4528 /* FlipsideView.xib */,
				C6463F8A12EC96C700F445A2 /* PreviewViewController.xib */,
				C68F5BAA1285C406006F4528 /* MainView.xib */,
				C68F5BA41285C406006F4528 /* MainWindow.xib */,
				C68F5B981285C406006F4528 /* remindful_base-Info.plist */,
				C68F5B9A1285C406006F4528 /* InfoPlist.strings */,
			);
			name = Resources;
			sourceTree = "<group>";
		};
		C68F5B881285C406006F4528 /* Frameworks */ = {
			isa = PBXGroup;
			children = (
				C65C07A812BD65CD0052FE4D /* libxml2.dylib */,
				C65C07A612BD65C10052FE4D /* CoreData.framework */,
				C65C07A412BD65B80052FE4D /* Foundation.framework */,
				C65C07A212BD65B10052FE4D /* CoreGraphics.framework */,
				C65C07A012BD658F0052FE4D /* UIKit.framework */,
			);
			name = Frameworks;
			sourceTree = "<group>";
		};
		C68F5B8E1285C406006F4528 /* Products */ = {
			isa = PBXGroup;
			children = (
				C68F5B8D1285C406006F4528 /* remindful-base.app */,
			);
			name = Products;
			sourceTree = "<group>";
		};
		C69B01071288DC8F007A5549 /* FBConnect */ = {
			isa = PBXGroup;
			children = (
				C69B010E1288DC8F007A5549 /* FBConnect.h */,
				C69B010B1288DC8F007A5549 /* Facebook.h */,
				C69B010C1288DC8F007A5549 /* Facebook.m */,
				C69B010F1288DC8F007A5549 /* FBDialog.bundle */,
				C69B01101288DC8F007A5549 /* FBDialog.h */,
				C69B01111288DC8F007A5549 /* FBDialog.m */,
				C69B01121288DC8F007A5549 /* FBLoginDialog.h */,
				C69B01131288DC8F007A5549 /* FBLoginDialog.m */,
				C69B01141288DC8F007A5549 /* FBRequest.h */,
				C69B01151288DC8F007A5549 /* FBRequest.m */,
				C69B01161288DC8F007A5549 /* JSON */,
			);
			name = FBConnect;
			path = src;
			sourceTree = "<group>";
		};
		C69B01161288DC8F007A5549 /* JSON */ = {
			isa = PBXGroup;
			children = (
				C69B01171288DC8F007A5549 /* JSON.h */,
				C69B01181288DC8F007A5549 /* NSObject+SBJSON.h */,
				C69B01191288DC8F007A5549 /* NSObject+SBJSON.m */,
				C69B011A1288DC8F007A5549 /* NSString+SBJSON.h */,
				C69B011B1288DC8F007A5549 /* NSString+SBJSON.m */,
				C69B011C1288DC8F007A5549 /* SBJSON.h */,
				C69B011D1288DC8F007A5549 /* SBJSON.m */,
				C69B011E1288DC8F007A5549 /* SBJsonBase.h */,
				C69B011F1288DC8F007A5549 /* SBJsonBase.m */,
				C69B01201288DC8F007A5549 /* SBJsonParser.h */,
				C69B01211288DC8F007A5549 /* SBJsonParser.m */,
				C69B01221288DC8F007A5549 /* SBJsonWriter.h */,
				C69B01231288DC8F007A5549 /* SBJsonWriter.m */,
			);
			path = JSON;
			sourceTree = "<group>";
		};
		C69E839D12E67A0F00B28E88 /* Welcome Card */ = {
			isa = PBXGroup;
			children = (
				C6A95DE112E6692D00ED98B3 /* welcome_card.png */,
				C69E839B12E67A0100B28E88 /* skip_button.png */,
				C6A95DE312E66FE700ED98B3 /* skip_button_alt.png */,
			);
			name = "Welcome Card";
			sourceTree = "<group>";
		};
/* End PBXGroup section */

/* Begin PBXNativeTarget section */
		C68F5B8C1285C406006F4528 /* remindful-base */ = {
			isa = PBXNativeTarget;
			buildConfigurationList = C68F5BB31285C406006F4528 /* Build configuration list for PBXNativeTarget "remindful-base" */;
			buildPhases = (
				C68F5B891285C406006F4528 /* Sources */,
				C68F5B8A1285C406006F4528 /* Frameworks */,
				C68F5B8B1285C406006F4528 /* Resources */,
			);
			buildRules = (
			);
			dependencies = (
			);
			name = "remindful-base";
			productName = "remindful-base";
			productReference = C68F5B8D1285C406006F4528 /* remindful-base.app */;
			productType = "com.apple.product-type.application";
		};
/* End PBXNativeTarget section */

/* Begin PBXProject section */
		C68F5B7F1285C406006F4528 /* Project object */ = {
			isa = PBXProject;
			buildConfigurationList = C68F5B821285C406006F4528 /* Build configuration list for PBXProject "remindful-base" */;
			compatibilityVersion = "Xcode 3.2";
			developmentRegion = English;
			hasScannedForEncodings = 0;
			knownRegions = (
				en,
			);
			mainGroup = C68F5B7D1285C406006F4528;
			productRefGroup = C68F5B8E1285C406006F4528 /* Products */;
			projectDirPath = "";
			projectRoot = "";
			targets = (
				C68F5B8C1285C406006F4528 /* remindful-base */,
			);
		};
/* End PBXProject section */

/* Begin PBXResourcesBuildPhase section */
		C68F5B8B1285C406006F4528 /* Resources */ = {
			isa = PBXResourcesBuildPhase;
			buildActionMask = 2147483647;
			files = (
				C68F5B9C1285C406006F4528 /* InfoPlist.strings in Resources */,
				C68F5BA61285C406006F4528 /* MainWindow.xib in Resources */,
				C68F5BAB1285C406006F4528 /* MainView.xib in Resources */,
				C68F5BB01285C406006F4528 /* FlipsideView.xib in Resources */,
				C69B01251288DC8F007A5549 /* FBDialog.bundle in Resources */,
				C6574FFC12B4332E000A0916 /* jQueryInject.txt in Resources */,
				C6574FFD12B4332E000A0916 /* jQueryInjectLandscape.txt in Resources */,
				C657500F12B4332F000A0916 /* twitter_load.png in Resources */,
				C6F2DA2812CA4F70005E3827 /* IntroViewController.xib in Resources */,
				C6F2DA2E12CA574C005E3827 /* Icon.png in Resources */,
				C619B55F12CAC0CC00960E58 /* ShareViewController.xib in Resources */,
				C6A95DDC12E65B8F00ED98B3 /* settings_bg.png in Resources */,
				C6A95DDE12E65CBA00ED98B3 /* preview_button.png in Resources */,
				C6A95DE012E65E3B00ED98B3 /* enable_sharing_button.png in Resources */,
				C6A95DE212E6692D00ED98B3 /* welcome_card.png in Resources */,
				C6A95DE412E66FE700ED98B3 /* skip_button_alt.png in Resources */,
				C69E839C12E67A0100B28E88 /* skip_button.png in Resources */,
				C6463F5B12E7CC7E00F445A2 /* reminder_card_placeholder.png in Resources */,
				C6463F6012E7CEE900F445A2 /* more_button.png in Resources */,
				C6463F6112E7CEE900F445A2 /* reminder_card.png in Resources */,
				C6463F6212E7CEE900F445A2 /* share_reminder_button.png in Resources */,
				C6463F6312E7CEE900F445A2 /* thanks_reminder_button.png in Resources */,
				C6463F6B12E92EF700F445A2 /* done_sharing_button.png in Resources */,
				C6463F6C12E92EF700F445A2 /* share_facebook_button_alt.png in Resources */,
				C6463F6D12E92EF700F445A2 /* share_facebook_button.png in Resources */,
				C6463F6E12E92EF700F445A2 /* share_overlay_placeholder.png in Resources */,
				C6463F6F12E92EF700F445A2 /* share_overlay.png in Resources */,
				C6463F7012E92EF700F445A2 /* share_twitter_button_alt.png in Resources */,
				C6463F7112E92EF700F445A2 /* share_twitter_button.png in Resources */,
				C6463F7B12EA602F00F445A2 /* SocialViewController.xib in Resources */,
				C6463F7F12EA896800F445A2 /* settings_share_overlay_placeholder.png in Resources */,
				C6463F8012EA896800F445A2 /* settings_share_overlay.png in Resources */,
				C6463F8512EC8B9D00F445A2 /* enable_sharing_button_all.png in Resources */,
				C6463F8612EC8B9D00F445A2 /* enable_sharing_button_facebook.png in Resources */,
				C6463F8712EC8B9D00F445A2 /* enable_sharing_button_twitter.png in Resources */,
				C6463F8C12EC96C700F445A2 /* PreviewViewController.xib in Resources */,
				C6463F9012EC986E00F445A2 /* preview_card_placeholder.png in Resources */,
				C6463F9112EC986E00F445A2 /* preview_card.png in Resources */,
				C6463F9312ECA49600F445A2 /* preview_back_button.png in Resources */,
				C6463F9812ECFBEC00F445A2 /* ShareSuccessViewController.xib in Resources */,
				C6463F9B12ECFC7800F445A2 /* share_success_card.png in Resources */,
				C6463FA512ED337000F445A2 /* circle-1.png in Resources */,
				C6463FA612ED337000F445A2 /* circle-2.png in Resources */,
				C6463FA712ED337000F445A2 /* circle-3.png in Resources */,
				C6463FAB12EE602900F445A2 /* success_all.png in Resources */,
				C6463FAC12EE602900F445A2 /* success_facebook.png in Resources */,
				C6463FAD12EE602900F445A2 /* success_twitter.png in Resources */,
			);
			runOnlyForDeploymentPostprocessing = 0;
		};
/* End PBXResourcesBuildPhase section */

/* Begin PBXSourcesBuildPhase section */
		C68F5B891285C406006F4528 /* Sources */ = {
			isa = PBXSourcesBuildPhase;
			buildActionMask = 2147483647;
			files = (
				C68F5B9E1285C406006F4528 /* main.m in Sources */,
				C68F5BA11285C406006F4528 /* remindful_baseAppDelegate.m in Sources */,
				C68F5BA31285C406006F4528 /* remindful_base.xcdatamodel in Sources */,
				C68F5BA91285C406006F4528 /* MainViewController.m in Sources */,
				C68F5BAE1285C406006F4528 /* FlipsideViewController.m in Sources */,
				C69B01241288DC8F007A5549 /* Facebook.m in Sources */,
				C69B01261288DC8F007A5549 /* FBDialog.m in Sources */,
				C69B01271288DC8F007A5549 /* FBLoginDialog.m in Sources */,
				C69B01281288DC8F007A5549 /* FBRequest.m in Sources */,
				C69B01291288DC8F007A5549 /* NSObject+SBJSON.m in Sources */,
				C69B012A1288DC8F007A5549 /* NSString+SBJSON.m in Sources */,
				C69B012B1288DC8F007A5549 /* SBJSON.m in Sources */,
				C69B012C1288DC8F007A5549 /* SBJsonBase.m in Sources */,
				C69B012D1288DC8F007A5549 /* SBJsonParser.m in Sources */,
				C69B012E1288DC8F007A5549 /* SBJsonWriter.m in Sources */,
				C6EDD94112A220F3001002DB /* Reminder.m in Sources */,
				C6574FFF12B4332F000A0916 /* MGTwitterEngine.m in Sources */,
				C657500012B4332F000A0916 /* MGTwitterHTTPURLConnection.m in Sources */,
				C657500112B4332F000A0916 /* MGTwitterLibXMLParser.m in Sources */,
				C657500212B4332F000A0916 /* MGTwitterMessagesLibXMLParser.m in Sources */,
				C657500312B4332F000A0916 /* MGTwitterMessagesParser.m in Sources */,
				C657500412B4332F000A0916 /* MGTwitterMiscLibXMLParser.m in Sources */,
				C657500512B4332F000A0916 /* MGTwitterMiscParser.m in Sources */,
				C657500612B4332F000A0916 /* MGTwitterStatusesLibXMLParser.m in Sources */,
				C657500712B4332F000A0916 /* MGTwitterStatusesParser.m in Sources */,
				C657500812B4332F000A0916 /* MGTwitterUsersLibXMLParser.m in Sources */,
				C657500912B4332F000A0916 /* MGTwitterUsersParser.m in Sources */,
				C657500A12B4332F000A0916 /* MGTwitterXMLParser.m in Sources */,
				C657500B12B4332F000A0916 /* NSData+Base64.m in Sources */,
				C657500C12B4332F000A0916 /* NSString+UUID.m in Sources */,
				C657500D12B4332F000A0916 /* SA_OAuthTwitterController.m in Sources */,
				C657500E12B4332F000A0916 /* SA_OAuthTwitterEngine.m in Sources */,
				C6F2DA2712CA4F70005E3827 /* IntroViewController.m in Sources */,
				C619B55E12CAC0CC00960E58 /* ShareViewController.m in Sources */,
				C6463F7A12EA602F00F445A2 /* SocialViewController.m in Sources */,
				C6463F8B12EC96C700F445A2 /* PreviewViewController.m in Sources */,
				C6463F9712ECFBEC00F445A2 /* ShareSuccessViewController.m in Sources */,
			);
			runOnlyForDeploymentPostprocessing = 0;
		};
/* End PBXSourcesBuildPhase section */

/* Begin PBXVariantGroup section */
		C68F5B9A1285C406006F4528 /* InfoPlist.strings */ = {
			isa = PBXVariantGroup;
			children = (
				C68F5B9B1285C406006F4528 /* en */,
			);
			name = InfoPlist.strings;
			sourceTree = "<group>";
		};
		C68F5BA41285C406006F4528 /* MainWindow.xib */ = {
			isa = PBXVariantGroup;
			children = (
				C68F5BA51285C406006F4528 /* en */,
			);
			name = MainWindow.xib;
			sourceTree = "<group>";
		};
/* End PBXVariantGroup section */

/* Begin XCBuildConfiguration section */
		C68F5BB11285C406006F4528 /* Debug */ = {
			isa = XCBuildConfiguration;
			buildSettings = {
				ARCHS = "$(ARCHS_STANDARD_32_BIT)";
				"CODE_SIGN_IDENTITY[sdk=iphoneos*]" = "iPhone Developer";
				GCC_C_LANGUAGE_STANDARD = gnu99;
				GCC_OPTIMIZATION_LEVEL = 0;
				GCC_PREPROCESSOR_DEFINITIONS = DEBUG;
				GCC_WARN_ABOUT_RETURN_TYPE = YES;
				GCC_WARN_UNUSED_VARIABLE = YES;
				"HEADER_SEARCH_PATHS[arch=*]" = "";
				IPHONEOS_DEPLOYMENT_TARGET = 4.1;
				PREBINDING = NO;
				SDKROOT = iphoneos;
			};
			name = Debug;
		};
		C68F5BB21285C406006F4528 /* Release */ = {
			isa = XCBuildConfiguration;
			buildSettings = {
				ARCHS = "$(ARCHS_STANDARD_32_BIT)";
				"CODE_SIGN_IDENTITY[sdk=iphoneos*]" = "iPhone Developer";
				GCC_C_LANGUAGE_STANDARD = gnu99;
				GCC_WARN_ABOUT_RETURN_TYPE = YES;
				GCC_WARN_UNUSED_VARIABLE = YES;
				"HEADER_SEARCH_PATHS[arch=*]" = "";
				IPHONEOS_DEPLOYMENT_TARGET = 4.1;
				OTHER_CFLAGS = "-DNS_BLOCK_ASSERTIONS=1";
				PREBINDING = NO;
				SDKROOT = iphoneos;
			};
			name = Release;
		};
		C68F5BB41285C406006F4528 /* Debug */ = {
			isa = XCBuildConfiguration;
			buildSettings = {
				ALWAYS_SEARCH_USER_PATHS = YES;
				COPY_PHASE_STRIP = NO;
				GCC_DYNAMIC_NO_PIC = NO;
				GCC_PRECOMPILE_PREFIX_HEADER = YES;
				GCC_PREFIX_HEADER = remindful_base_Prefix.pch;
				INFOPLIST_FILE = "remindful_base-Info.plist";
				IPHONEOS_DEPLOYMENT_TARGET = 4.1;
				LIBRARY_SEARCH_PATHS = (
					"$(inherited)",
					"\"$(SRCROOT)/../Twitter-OAuth-iPhone/Twitter+OAuth/Libraries & Headers\"",
					"\"$(SRCROOT)/Twitter+OAuth/Libraries & Headers\"",
				);
				PRODUCT_NAME = "remindful-base";
				USER_HEADER_SEARCH_PATHS = "$(SDKROOT)/usr/include/libxml2";
				WRAPPER_EXTENSION = app;
			};
			name = Debug;
		};
		C68F5BB51285C406006F4528 /* Release */ = {
			isa = XCBuildConfiguration;
			buildSettings = {
				ALWAYS_SEARCH_USER_PATHS = YES;
				COPY_PHASE_STRIP = YES;
				GCC_PRECOMPILE_PREFIX_HEADER = YES;
				GCC_PREFIX_HEADER = remindful_base_Prefix.pch;
				INFOPLIST_FILE = "remindful_base-Info.plist";
				IPHONEOS_DEPLOYMENT_TARGET = 4.1;
				LIBRARY_SEARCH_PATHS = (
					"$(inherited)",
					"\"$(SRCROOT)/../Twitter-OAuth-iPhone/Twitter+OAuth/Libraries & Headers\"",
					"\"$(SRCROOT)/Twitter+OAuth/Libraries & Headers\"",
				);
				PRODUCT_NAME = "remindful-base";
				USER_HEADER_SEARCH_PATHS = "$(SDKROOT)/usr/include/libxml2";
				VALIDATE_PRODUCT = YES;
				WRAPPER_EXTENSION = app;
			};
			name = Release;
		};
/* End XCBuildConfiguration section */

/* Begin XCConfigurationList section */
		C68F5B821285C406006F4528 /* Build configuration list for PBXProject "remindful-base" */ = {
			isa = XCConfigurationList;
			buildConfigurations = (
				C68F5BB11285C406006F4528 /* Debug */,
				C68F5BB21285C406006F4528 /* Release */,
			);
			defaultConfigurationIsVisible = 0;
			defaultConfigurationName = Release;
		};
		C68F5BB31285C406006F4528 /* Build configuration list for PBXNativeTarget "remindful-base" */ = {
			isa = XCConfigurationList;
			buildConfigurations = (
				C68F5BB41285C406006F4528 /* Debug */,
				C68F5BB51285C406006F4528 /* Release */,
			);
			defaultConfigurationIsVisible = 0;
			defaultConfigurationName = Release;
		};
/* End XCConfigurationList section */
	};
	rootObject = C68F5B7F1285C406006F4528 /* Project object */;
}
